// !$*UTF8*$!
{
	archiveVersion = 1;
	classes = {
	};
	objectVersion = 50;
	objects = {

/* Begin PBXBuildFile section */
		1E3BE5DB216D5B380034EFEB /* AppDelegate.swift in Sources */ = {isa = PBXBuildFile; fileRef = 1E3BE5DA216D5B380034EFEB /* AppDelegate.swift */; };
		1E3BE5DD216D5B380034EFEB /* ViewController.swift in Sources */ = {isa = PBXBuildFile; fileRef = 1E3BE5DC216D5B380034EFEB /* ViewController.swift */; };
		1E3BE5E0216D5B380034EFEB /* Main.storyboard in Resources */ = {isa = PBXBuildFile; fileRef = 1E3BE5DE216D5B380034EFEB /* Main.storyboard */; };
		1E3BE5E2216D5B3B0034EFEB /* Assets.xcassets in Resources */ = {isa = PBXBuildFile; fileRef = 1E3BE5E1216D5B3B0034EFEB /* Assets.xcassets */; };
		1E3BE5E5216D5B3B0034EFEB /* LaunchScreen.storyboard in Resources */ = {isa = PBXBuildFile; fileRef = 1E3BE5E3216D5B3B0034EFEB /* LaunchScreen.storyboard */; };
		1EABA256216D5B8900B76C36 /* MapKit.framework in Frameworks */ = {isa = PBXBuildFile; fileRef = 1EABA255216D5B8900B76C36 /* MapKit.framework */; };
/* End PBXBuildFile section */

/* Begin PBXFileReference section */
		1E3BE5D7216D5B380034EFEB /* FindDist.app */ = {isa = PBXFileReference; explicitFileType = wrapper.application; includeInIndex = 0; path = FindDist.app; sourceTree = BUILT_PRODUCTS_DIR; };
		1E3BE5DA216D5B380034EFEB /* AppDelegate.swift */ = {isa = PBXFileReference; lastKnownFileType = sourcecode.swift; path = AppDelegate.swift; sourceTree = "<group>"; };
		1E3BE5DC216D5B380034EFEB /* ViewController.swift */ = {isa = PBXFileReference; lastKnownFileType = sourcecode.swift; path = ViewController.swift; sourceTree = "<group>"; };
		1E3BE5DF216D5B380034EFEB /* Base */ = {isa = PBXFileReference; lastKnownFileType = file.storyboard; name = Base; path = Base.lproj/Main.storyboard; sourceTree = "<group>"; };
		1E3BE5E1216D5B3B0034EFEB /* Assets.xcassets */ = {isa = PBXFileReference; lastKnownFileType = folder.assetcatalog; path = Assets.xcassets; sourceTree = "<group>"; };
		1E3BE5E4216D5B3B0034EFEB /* Base */ = {isa = PBXFileReference; lastKnownFileType = file.storyboard; name = Base; path = Base.lproj/LaunchScreen.storyboard; sourceTree = "<group>"; };
		1E3BE5E6216D5B3B0034EFEB /* Info.plist */ = {isa = PBXFileReference; lastKnownFileType = text.plist.xml; path = Info.plist; sourceTree = "<group>"; };
		1EABA255216D5B8900B76C36 /* MapKit.framework */ = {isa = PBXFileReference; lastKnownFileType = wrapper.framework; name = MapKit.framework; path = System/Library/Frameworks/MapKit.framework; sourceTree = SDKROOT; };
/* End PBXFileReference section */

/* Begin PBXFrameworksBuildPhase section */
		1E3BE5D4216D5B380034EFEB /* Frameworks */ = {
			isa = PBXFrameworksBuildPhase;
			buildActionMask = 2147483647;
			files = (
				1EABA256216D5B8900B76C36 /* MapKit.framework in Frameworks */,
			);
			runOnlyForDeploymentPostprocessing = 0;
		};
/* End PBXFrameworksBuildPhase section */

/* Begin PBXGroup section */
		1E3BE5CE216D5B380034EFEB = {
			isa = PBXGroup;
			children = (
				1E3BE5D9216D5B380034EFEB /* FindDist */,
				1E3BE5D8216D5B380034EFEB /* Products */,
				1EABA254216D5B8900B76C36 /* Frameworks */,
			);
			sourceTree = "<group>";
		};
		1E3BE5D8216D5B380034EFEB /* Products */ = {
			isa = PBXGroup;
			children = (
				1E3BE5D7216D5B380034EFEB /* FindDist.app */,
			);
			name = Products;
			sourceTree = "<group>";
		};
		1E3BE5D9216D5B380034EFEB /* FindDist */ = {
			isa = PBXGroup;
			children = (
				1E3BE5DA216D5B380034EFEB /* AppDelegate.swift */,
				1E3BE5DC216D5B380034EFEB /* ViewController.swift */,
				1E3BE5DE216D5B380034EFEB /* Main.storyboard */,
				1E3BE5E1216D5B3B0034EFEB /* Assets.xcassets */,
				1E3BE5E3216D5B3B0034EFEB /* LaunchScreen.storyboard */,
				1E3BE5E6216D5B3B0034EFEB /* Info.plist */,
			);
			path = FindDist;
			sourceTree = "<group>";
		};
		1EABA254216D5B8900B76C36 /* Frameworks */ = {
			isa = PBXGroup;
			children = (
				1EABA255216D5B8900B76C36 /* MapKit.framework */,
			);
			name = Frameworks;
			sourceTree = "<group>";
		};
/* End PBXGroup section */

/* Begin PBXNativeTarget section */
		1E3BE5D6216D5B380034EFEB /* FindDist */ = {
			isa = PBXNativeTarget;
			buildConfigurationList = 1E3BE5E9216D5B3B0034EFEB /* Build configuration list for PBXNativeTarget "FindDist" */;
			buildPhases = (
				1E3BE5D3216D5B380034EFEB /* Sources */,
				1E3BE5D4216D5B380034EFEB /* Frameworks */,
				1E3BE5D5216D5B380034EFEB /* Resources */,
			);
			buildRules = (
			);
			dependencies = (
			);
			name = FindDist;
			productName = FindDist;
			productReference = 1E3BE5D7216D5B380034EFEB /* FindDist.app */;
			productType = "com.apple.product-type.application";
		};
/* End PBXNativeTarget section */

/* Begin PBXProject section */
		1E3BE5CF216D5B380034EFEB /* Project object */ = {
			isa = PBXProject;
			attributes = {
				LastSwiftUpdateCheck = 1000;
				LastUpgradeCheck = 1000;
				ORGANIZATIONNAME = "Felipe Valencia ";
				TargetAttributes = {
					1E3BE5D6216D5B380034EFEB = {
						CreatedOnToolsVersion = 10.0;
						SystemCapabilities = {
							com.apple.BackgroundModes = {
								enabled = 0;
							};
							com.apple.Maps.iOS = {
								enabled = 1;
							};
						};
					};
				};
			};
			buildConfigurationList = 1E3BE5D2216D5B380034EFEB /* Build configuration list for PBXProject "FindDist" */;
			compatibilityVersion = "Xcode 9.3";
			developmentRegion = en;
			hasScannedForEncodings = 0;
			knownRegions = (
				en,
				Base,
			);
			mainGroup = 1E3BE5CE216D5B380034EFEB;
			productRefGroup = 1E3BE5D8216D5B380034EFEB /* Products */;
			projectDirPath = "";
			projectRoot = "";
			targets = (
				1E3BE5D6216D5B380034EFEB /* FindDist */,
			);
		};
/* End PBXProject section */

/* Begin PBXResourcesBuildPhase section */
		1E3BE5D5216D5B380034EFEB /* Resources */ = {
			isa = PBXResourcesBuildPhase;
			buildActionMask = 2147483647;
			files = (
				1E3BE5E5216D5B3B0034EFEB /* LaunchScreen.storyboard in Resources */,
				1E3BE5E2216D5B3B0034EFEB /* Assets.xcassets in Resources */,
				1E3BE5E0216D5B380034EFEB /* Main.storyboard in Resources */,
			);
			runOnlyForDeploymentPostprocessing = 0;
		};
/* End PBXResourcesBuildPhase section */

/* Begin PBXSourcesBuildPhase section */
		1E3BE5D3216D5B380034EFEB /* Sources */ = {
			isa = PBXSourcesBuildPhase;
			buildActionMask = 2147483647;
			files = (
				1E3BE5DD216D5B380034EFEB /* ViewController.swift in Sources */,
				1E3BE5DB216D5B380034EFEB /* AppDelegate.swift in Sources */,
			);
			runOnlyForDeploymentPostprocessing = 0;
		};
/* End PBXSourcesBuildPhase section */

/* Begin PBXVariantGroup section */
		1E3BE5DE216D5B380034EFEB /* Main.storyboard */ = {
			isa = PBXVariantGroup;
			children = (
				1E3BE5DF216D5B380034EFEB /* Base */,
			);
			name = Main.storyboard;
			sourceTree = "<group>";
		};
		1E3BE5E3216D5B3B0034EFEB /* LaunchScreen.storyboard */ = {
			isa = PBXVariantGroup;
			children = (
				1E3BE5E4216D5B3B0034EFEB /* Base */,
			);
			name = LaunchScreen.storyboard;
			sourceTree = "<group>";
		};
/* End PBXVariantGroup section */

/* Begin XCBuildConfiguration section */
		1E3BE5E7216D5B3B0034EFEB /* Debug */ = {
			isa = XCBuildConfiguration;
			buildSettings = {
				ALWAYS_SEARCH_USER_PATHS = NO;
				CLANG_ANALYZER_NONNULL = YES;
				CLANG_ANALYZER_NUMBER_OBJECT_CONVERSION = YES_AGGRESSIVE;
				CLANG_CXX_LANGUAGE_STANDARD = "gnu++14";
				CLANG_CXX_LIBRARY = "libc++";
				CLANG_ENABLE_MODULES = YES;
				CLANG_ENABLE_OBJC_ARC = YES;
				CLANG_ENABLE_OBJC_WEAK = YES;
				CLANG_WARN_BLOCK_CAPTURE_AUTORELEASING = YES;
				CLANG_WARN_BOOL_CONVERSION = YES;
				CLANG_WARN_COMMA = YES;
				CLANG_WARN_CONSTANT_CONVERSION = YES;
				CLANG_WARN_DEPRECATED_OBJC_IMPLEMENTATIONS = YES;
				CLANG_WARN_DIRECT_OBJC_ISA_USAGE = YES_ERROR;
				CLANG_WARN_DOCUMENTATION_COMMENTS = YES;
				CLANG_WARN_EMPTY_BODY = YES;
				CLANG_WARN_ENUM_CONVERSION = YES;
				CLANG_WARN_INFINITE_RECURSION = YES;
				CLANG_WARN_INT_CONVERSION = YES;
				CLANG_WARN_NON_LITERAL_NULL_CONVERSION = YES;
				CLANG_WARN_OBJC_IMPLICIT_RETAIN_SELF = YES;
				CLANG_WARN_OBJC_LITERAL_CONVERSION = YES;
				CLANG_WARN_OBJC_ROOT_CLASS = YES_ERROR;
				CLANG_WARN_RANGE_LOOP_ANALYSIS = YES;
				CLANG_WARN_STRICT_PROTOTYPES = YES;
				CLANG_WARN_SUSPICIOUS_MOVE = YES;
				CLANG_WARN_UNGUARDED_AVAILABILITY = YES_AGGRESSIVE;
				CLANG_WARN_UNREACHABLE_CODE = YES;
				CLANG_WARN__DUPLICATE_METHOD_MATCH = YES;
				CODE_SIGN_IDENTITY = "iPhone Developer";
				COPY_PHASE_STRIP = NO;
				DEBUG_INFORMATION_FORMAT = dwarf;
				ENABLE_STRICT_OBJC_MSGSEND = YES;
				ENABLE_TESTABILITY = YES;
				GCC_C_LANGUAGE_STANDARD = gnu11;
				GCC_DYNAMIC_NO_PIC = NO;
				GCC_NO_COMMON_BLOCKS = YES;
				GCC_OPTIMIZATION_LEVEL = 0;
				GCC_PREPROCESSOR_DEFINITIONS = (
					"DEBUG=1",
					"$(inherited)",
				);
				GCC_WARN_64_TO_32_BIT_CONVERSION = YES;
				GCC_WARN_ABOUT_RETURN_TYPE = YES_ERROR;
				GCC_WARN_UNDECLARED_SELECTOR = YES;
				GCC_WARN_UNINITIALIZED_AUTOS = YES_AGGRESSIVE;
				GCC_WARN_UNUSED_FUNCTION = YES;
				GCC_WARN_UNUSED_VARIABLE = YES;
				IPHONEOS_DEPLOYMENT_TARGET = 12.0;
				MTL_ENABLE_DEBUG_INFO = INCLUDE_SOURCE;
				MTL_FAST_MATH = YES;
				ONLY_ACTIVE_ARCH = YES;
				SDKROOT = iphoneos;
				SWIFT_ACTIVE_COMPILATION_CONDITIONS = DEBUG;
				SWIFT_OPTIMIZATION_LEVEL = "-Onone";
			};
			name = Debug;
		};
		1E3BE5E8216D5B3B0034EFEB /* Release */ = {
			isa = XCBuildConfiguration;
			buildSettings = {
				ALWAYS_SEARCH_USER_PATHS = NO;
				CLANG_ANALYZER_NONNULL = YES;
				CLANG_ANALYZER_NUMBER_OBJECT_CONVERSION = YES_AGGRESSIVE;
				CLANG_CXX_LANGUAGE_STANDARD = "gnu++14";
				CLANG_CXX_LIBRARY = "libc++";
				CLANG_ENABLE_MODULES = YES;
				CLANG_ENABLE_OBJC_ARC = YES;
				CLANG_ENABLE_OBJC_WEAK = YES;
				CLANG_WARN_BLOCK_CAPTURE_AUTORELEASING = YES;
				CLANG_WARN_BOOL_CONVERSION = YES;
				CLANG_WARN_COMMA = YES;
				CLANG_WARN_CONSTANT_CONVERSION = YES;
				CLANG_WARN_DEPRECATED_OBJC_IMPLEMENTATIONS = YES;
				CLANG_WARN_DIRECT_OBJC_ISA_USAGE = YES_ERROR;
				CLANG_WARN_DOCUMENTATION_COMMENTS = YES;
				CLANG_WARN_EMPTY_BODY = YES;
				CLANG_WARN_ENUM_CONVERSION = YES;
				CLANG_WARN_INFINITE_RECURSION = YES;
				CLANG_WARN_INT_CONVERSION = YES;
				CLANG_WARN_NON_LITERAL_NULL_CONVERSION = YES;
				CLANG_WARN_OBJC_IMPLICIT_RETAIN_SELF = YES;
				CLANG_WARN_OBJC_LITERAL_CONVERSION = YES;
				CLANG_WARN_OBJC_ROOT_CLASS = YES_ERROR;
				CLANG_WARN_RANGE_LOOP_ANALYSIS = YES;
				CLANG_WARN_STRICT_PROTOTYPES = YES;
				CLANG_WARN_SUSPICIOUS_MOVE = YES;
				CLANG_WARN_UNGUARDED_AVAILABILITY = YES_AGGRESSIVE;
				CLANG_WARN_UNREACHABLE_CODE = YES;
				CLANG_WARN__DUPLICATE_METHOD_MATCH = YES;
				CODE_SIGN_IDENTITY = "iPhone Developer";
				COPY_PHASE_STRIP = NO;
				DEBUG_INFORMATION_FORMAT = "dwarf-with-dsym";
				ENABLE_NS_ASSERTIONS = NO;
				ENABLE_STRICT_OBJC_MSGSEND = YES;
				GCC_C_LANGUAGE_STANDARD = gnu11;
				GCC_NO_COMMON_BLOCKS = YES;
				GCC_WARN_64_TO_32_BIT_CONVERSION = YES;
				GCC_WARN_ABOUT_RETURN_TYPE = YES_ERROR;
				GCC_WARN_UNDECLARED_SELECTOR = YES;
				GCC_WARN_UNINITIALIZED_AUTOS = YES_AGGRESSIVE;
				GCC_WARN_UNUSED_FUNCTION = YES;
				GCC_WARN_UNUSED_VARIABLE = YES;
				IPHONEOS_DEPLOYMENT_TARGET = 12.0;
				MTL_ENABLE_DEBUG_INFO = NO;
				MTL_FAST_MATH = YES;
				SDKROOT = iphoneos;
				SWIFT_COMPILATION_MODE = wholemodule;
				SWIFT_OPTIMIZATION_LEVEL = "-O";
				VALIDATE_PRODUCT = YES;
			};
			name = Release;
		};
		1E3BE5EA216D5B3B0034EFEB /* Debug */ = {
			isa = XCBuildConfiguration;
			buildSettings = {
				ASSETCATALOG_COMPILER_APPICON_NAME = AppIcon;
				CODE_SIGN_STYLE = Automatic;
				DEVELOPMENT_TEAM = 4KMFKXP2CR;
				INFOPLIST_FILE = FindDist/Info.plist;
				LD_RUNPATH_SEARCH_PATHS = (
					"$(inherited)",
					"@executable_path/Frameworks",
				);
				PRODUCT_BUNDLE_IDENTIFIER = Valencia.FindDist;
				PRODUCT_NAME = "$(TARGET_NAME)";
				SWIFT_VERSION = 4.2;
				TARGETED_DEVICE_FAMILY = "1,2";
			};
			name = Debug;
		};
		1E3BE5EB216D5B3B0034EFEB /* Release */ = {
			isa = XCBuildConfiguration;
			buildSettings = {
				ASSETCATALOG_COMPILER_APPICON_NAME = AppIcon;
				CODE_SIGN_STYLE = Automatic;
				DEVELOPMENT_TEAM = 4KMFKXP2CR;
				INFOPLIST_FILE = FindDist/Info.plist;
				LD_RUNPATH_SEARCH_PATHS = (
					"$(inherited)",
					"@executable_path/Frameworks",
				);
				PRODUCT_BUNDLE_IDENTIFIER = Valencia.FindDist;
				PRODUCT_NAME = "$(TARGET_NAME)";
				SWIFT_VERSION = 4.2;
				TARGETED_DEVICE_FAMILY = "1,2";
			};
			name = Release;
		};
/* End XCBuildConfiguration section */

/* Begin XCConfigurationList section */
		1E3BE5D2216D5B380034EFEB /* Build configuration list for PBXProject "FindDist" */ = {
			isa = XCConfigurationList;
			buildConfigurations = (
				1E3BE5E7216D5B3B0034EFEB /* Debug */,
				1E3BE5E8216D5B3B0034EFEB /* Release */,
			);
			defaultConfigurationIsVisible = 0;
			defaultConfigurationName = Release;
		};
		1E3BE5E9216D5B3B0034EFEB /* Build configuration list for PBXNativeTarget "FindDist" */ = {
			isa = XCConfigurationList;
			buildConfigurations = (
				1E3BE5EA216D5B3B0034EFEB /* Debug */,
				1E3BE5EB216D5B3B0034EFEB /* Release */,
			);
			defaultConfigurationIsVisible = 0;
			defaultConfigurationName = Release;
		};
/* End XCConfigurationList section */
	};
	rootObject = 1E3BE5CF216D5B380034EFEB /* Project object */;
}
