// !$*UTF8*$!
{
	archiveVersion = 1;
	classes = {
	};
	objectVersion = 50;
	objects = {

/* Begin PBXBuildFile section */
		1EB1B379213EC816004CBC56 /* AppDelegate.swift in Sources */ = {isa = PBXBuildFile; fileRef = 1EB1B378213EC816004CBC56 /* AppDelegate.swift */; };
		1EB1B37B213EC816004CBC56 /* ViewController.swift in Sources */ = {isa = PBXBuildFile; fileRef = 1EB1B37A213EC816004CBC56 /* ViewController.swift */; };
		1EB1B37E213EC817004CBC56 /* Main.storyboard in Resources */ = {isa = PBXBuildFile; fileRef = 1EB1B37C213EC816004CBC56 /* Main.storyboard */; };
		1EB1B380213EC81A004CBC56 /* Assets.xcassets in Resources */ = {isa = PBXBuildFile; fileRef = 1EB1B37F213EC81A004CBC56 /* Assets.xcassets */; };
		1EB1B383213EC81A004CBC56 /* LaunchScreen.storyboard in Resources */ = {isa = PBXBuildFile; fileRef = 1EB1B381213EC81A004CBC56 /* LaunchScreen.storyboard */; };
		1EB1B38E213EC81B004CBC56 /* LocationManagerTests.swift in Sources */ = {isa = PBXBuildFile; fileRef = 1EB1B38D213EC81B004CBC56 /* LocationManagerTests.swift */; };
		1EB1B399213EC81B004CBC56 /* LocationManagerUITests.swift in Sources */ = {isa = PBXBuildFile; fileRef = 1EB1B398213EC81B004CBC56 /* LocationManagerUITests.swift */; };
/* End PBXBuildFile section */

/* Begin PBXContainerItemProxy section */
		1EB1B38A213EC81B004CBC56 /* PBXContainerItemProxy */ = {
			isa = PBXContainerItemProxy;
			containerPortal = 1EB1B36D213EC816004CBC56 /* Project object */;
			proxyType = 1;
			remoteGlobalIDString = 1EB1B374213EC816004CBC56;
			remoteInfo = LocationManager;
		};
		1EB1B395213EC81B004CBC56 /* PBXContainerItemProxy */ = {
			isa = PBXContainerItemProxy;
			containerPortal = 1EB1B36D213EC816004CBC56 /* Project object */;
			proxyType = 1;
			remoteGlobalIDString = 1EB1B374213EC816004CBC56;
			remoteInfo = LocationManager;
		};
/* End PBXContainerItemProxy section */

/* Begin PBXFileReference section */
		1EB1B375213EC816004CBC56 /* LocationManager.app */ = {isa = PBXFileReference; explicitFileType = wrapper.application; includeInIndex = 0; path = LocationManager.app; sourceTree = BUILT_PRODUCTS_DIR; };
		1EB1B378213EC816004CBC56 /* AppDelegate.swift */ = {isa = PBXFileReference; lastKnownFileType = sourcecode.swift; path = AppDelegate.swift; sourceTree = "<group>"; };
		1EB1B37A213EC816004CBC56 /* ViewController.swift */ = {isa = PBXFileReference; lastKnownFileType = sourcecode.swift; path = ViewController.swift; sourceTree = "<group>"; };
		1EB1B37D213EC816004CBC56 /* Base */ = {isa = PBXFileReference; lastKnownFileType = file.storyboard; name = Base; path = Base.lproj/Main.storyboard; sourceTree = "<group>"; };
		1EB1B37F213EC81A004CBC56 /* Assets.xcassets */ = {isa = PBXFileReference; lastKnownFileType = folder.assetcatalog; path = Assets.xcassets; sourceTree = "<group>"; };
		1EB1B382213EC81A004CBC56 /* Base */ = {isa = PBXFileReference; lastKnownFileType = file.storyboard; name = Base; path = Base.lproj/LaunchScreen.storyboard; sourceTree = "<group>"; };
		1EB1B384213EC81A004CBC56 /* Info.plist */ = {isa = PBXFileReference; lastKnownFileType = text.plist.xml; path = Info.plist; sourceTree = "<group>"; };
		1EB1B389213EC81B004CBC56 /* LocationManagerTests.xctest */ = {isa = PBXFileReference; explicitFileType = wrapper.cfbundle; includeInIndex = 0; path = LocationManagerTests.xctest; sourceTree = BUILT_PRODUCTS_DIR; };
		1EB1B38D213EC81B004CBC56 /* LocationManagerTests.swift */ = {isa = PBXFileReference; lastKnownFileType = sourcecode.swift; path = LocationManagerTests.swift; sourceTree = "<group>"; };
		1EB1B38F213EC81B004CBC56 /* Info.plist */ = {isa = PBXFileReference; lastKnownFileType = text.plist.xml; path = Info.plist; sourceTree = "<group>"; };
		1EB1B394213EC81B004CBC56 /* LocationManagerUITests.xctest */ = {isa = PBXFileReference; explicitFileType = wrapper.cfbundle; includeInIndex = 0; path = LocationManagerUITests.xctest; sourceTree = BUILT_PRODUCTS_DIR; };
		1EB1B398213EC81B004CBC56 /* LocationManagerUITests.swift */ = {isa = PBXFileReference; lastKnownFileType = sourcecode.swift; path = LocationManagerUITests.swift; sourceTree = "<group>"; };
		1EB1B39A213EC81B004CBC56 /* Info.plist */ = {isa = PBXFileReference; lastKnownFileType = text.plist.xml; path = Info.plist; sourceTree = "<group>"; };
/* End PBXFileReference section */

/* Begin PBXFrameworksBuildPhase section */
		1EB1B372213EC816004CBC56 /* Frameworks */ = {
			isa = PBXFrameworksBuildPhase;
			buildActionMask = 2147483647;
			files = (
			);
			runOnlyForDeploymentPostprocessing = 0;
		};
		1EB1B386213EC81B004CBC56 /* Frameworks */ = {
			isa = PBXFrameworksBuildPhase;
			buildActionMask = 2147483647;
			files = (
			);
			runOnlyForDeploymentPostprocessing = 0;
		};
		1EB1B391213EC81B004CBC56 /* Frameworks */ = {
			isa = PBXFrameworksBuildPhase;
			buildActionMask = 2147483647;
			files = (
			);
			runOnlyForDeploymentPostprocessing = 0;
		};
/* End PBXFrameworksBuildPhase section */

/* Begin PBXGroup section */
		1EB1B36C213EC816004CBC56 = {
			isa = PBXGroup;
			children = (
				1EB1B377213EC816004CBC56 /* LocationManager */,
				1EB1B38C213EC81B004CBC56 /* LocationManagerTests */,
				1EB1B397213EC81B004CBC56 /* LocationManagerUITests */,
				1EB1B376213EC816004CBC56 /* Products */,
			);
			sourceTree = "<group>";
		};
		1EB1B376213EC816004CBC56 /* Products */ = {
			isa = PBXGroup;
			children = (
				1EB1B375213EC816004CBC56 /* LocationManager.app */,
				1EB1B389213EC81B004CBC56 /* LocationManagerTests.xctest */,
				1EB1B394213EC81B004CBC56 /* LocationManagerUITests.xctest */,
			);
			name = Products;
			sourceTree = "<group>";
		};
		1EB1B377213EC816004CBC56 /* LocationManager */ = {
			isa = PBXGroup;
			children = (
				1EB1B378213EC816004CBC56 /* AppDelegate.swift */,
				1EB1B37A213EC816004CBC56 /* ViewController.swift */,
				1EB1B37C213EC816004CBC56 /* Main.storyboard */,
				1EB1B37F213EC81A004CBC56 /* Assets.xcassets */,
				1EB1B381213EC81A004CBC56 /* LaunchScreen.storyboard */,
				1EB1B384213EC81A004CBC56 /* Info.plist */,
			);
			path = LocationManager;
			sourceTree = "<group>";
		};
		1EB1B38C213EC81B004CBC56 /* LocationManagerTests */ = {
			isa = PBXGroup;
			children = (
				1EB1B38D213EC81B004CBC56 /* LocationManagerTests.swift */,
				1EB1B38F213EC81B004CBC56 /* Info.plist */,
			);
			path = LocationManagerTests;
			sourceTree = "<group>";
		};
		1EB1B397213EC81B004CBC56 /* LocationManagerUITests */ = {
			isa = PBXGroup;
			children = (
				1EB1B398213EC81B004CBC56 /* LocationManagerUITests.swift */,
				1EB1B39A213EC81B004CBC56 /* Info.plist */,
			);
			path = LocationManagerUITests;
			sourceTree = "<group>";
		};
/* End PBXGroup section */

/* Begin PBXNativeTarget section */
		1EB1B374213EC816004CBC56 /* LocationManager */ = {
			isa = PBXNativeTarget;
			buildConfigurationList = 1EB1B39D213EC81B004CBC56 /* Build configuration list for PBXNativeTarget "LocationManager" */;
			buildPhases = (
				1EB1B371213EC816004CBC56 /* Sources */,
				1EB1B372213EC816004CBC56 /* Frameworks */,
				1EB1B373213EC816004CBC56 /* Resources */,
			);
			buildRules = (
			);
			dependencies = (
			);
			name = LocationManager;
			productName = LocationManager;
			productReference = 1EB1B375213EC816004CBC56 /* LocationManager.app */;
			productType = "com.apple.product-type.application";
		};
		1EB1B388213EC81B004CBC56 /* LocationManagerTests */ = {
			isa = PBXNativeTarget;
			buildConfigurationList = 1EB1B3A0213EC81B004CBC56 /* Build configuration list for PBXNativeTarget "LocationManagerTests" */;
			buildPhases = (
				1EB1B385213EC81B004CBC56 /* Sources */,
				1EB1B386213EC81B004CBC56 /* Frameworks */,
				1EB1B387213EC81B004CBC56 /* Resources */,
			);
			buildRules = (
			);
			dependencies = (
				1EB1B38B213EC81B004CBC56 /* PBXTargetDependency */,
			);
			name = LocationManagerTests;
			productName = LocationManagerTests;
			productReference = 1EB1B389213EC81B004CBC56 /* LocationManagerTests.xctest */;
			productType = "com.apple.product-type.bundle.unit-test";
		};
		1EB1B393213EC81B004CBC56 /* LocationManagerUITests */ = {
			isa = PBXNativeTarget;
			buildConfigurationList = 1EB1B3A3213EC81B004CBC56 /* Build configuration list for PBXNativeTarget "LocationManagerUITests" */;
			buildPhases = (
				1EB1B390213EC81B004CBC56 /* Sources */,
				1EB1B391213EC81B004CBC56 /* Frameworks */,
				1EB1B392213EC81B004CBC56 /* Resources */,
			);
			buildRules = (
			);
			dependencies = (
				1EB1B396213EC81B004CBC56 /* PBXTargetDependency */,
			);
			name = LocationManagerUITests;
			productName = LocationManagerUITests;
			productReference = 1EB1B394213EC81B004CBC56 /* LocationManagerUITests.xctest */;
			productType = "com.apple.product-type.bundle.ui-testing";
		};
/* End PBXNativeTarget section */

/* Begin PBXProject section */
		1EB1B36D213EC816004CBC56 /* Project object */ = {
			isa = PBXProject;
			attributes = {
				LastSwiftUpdateCheck = 0940;
				LastUpgradeCheck = 0940;
				ORGANIZATIONNAME = "Felipe Valencia ";
				TargetAttributes = {
					1EB1B374213EC816004CBC56 = {
						CreatedOnToolsVersion = 9.4.1;
					};
					1EB1B388213EC81B004CBC56 = {
						CreatedOnToolsVersion = 9.4.1;
						TestTargetID = 1EB1B374213EC816004CBC56;
					};
					1EB1B393213EC81B004CBC56 = {
						CreatedOnToolsVersion = 9.4.1;
						TestTargetID = 1EB1B374213EC816004CBC56;
					};
				};
			};
			buildConfigurationList = 1EB1B370213EC816004CBC56 /* Build configuration list for PBXProject "LocationManager" */;
			compatibilityVersion = "Xcode 9.3";
			developmentRegion = en;
			hasScannedForEncodings = 0;
			knownRegions = (
				en,
				Base,
			);
			mainGroup = 1EB1B36C213EC816004CBC56;
			productRefGroup = 1EB1B376213EC816004CBC56 /* Products */;
			projectDirPath = "";
			projectRoot = "";
			targets = (
				1EB1B374213EC816004CBC56 /* LocationManager */,
				1EB1B388213EC81B004CBC56 /* LocationManagerTests */,
				1EB1B393213EC81B004CBC56 /* LocationManagerUITests */,
			);
		};
/* End PBXProject section */

/* Begin PBXResourcesBuildPhase section */
		1EB1B373213EC816004CBC56 /* Resources */ = {
			isa = PBXResourcesBuildPhase;
			buildActionMask = 2147483647;
			files = (
				1EB1B383213EC81A004CBC56 /* LaunchScreen.storyboard in Resources */,
				1EB1B380213EC81A004CBC56 /* Assets.xcassets in Resources */,
				1EB1B37E213EC817004CBC56 /* Main.storyboard in Resources */,
			);
			runOnlyForDeploymentPostprocessing = 0;
		};
		1EB1B387213EC81B004CBC56 /* Resources */ = {
			isa = PBXResourcesBuildPhase;
			buildActionMask = 2147483647;
			files = (
			);
			runOnlyForDeploymentPostprocessing = 0;
		};
		1EB1B392213EC81B004CBC56 /* Resources */ = {
			isa = PBXResourcesBuildPhase;
			buildActionMask = 2147483647;
			files = (
			);
			runOnlyForDeploymentPostprocessing = 0;
		};
/* End PBXResourcesBuildPhase section */

/* Begin PBXSourcesBuildPhase section */
		1EB1B371213EC816004CBC56 /* Sources */ = {
			isa = PBXSourcesBuildPhase;
			buildActionMask = 2147483647;
			files = (
				1EB1B37B213EC816004CBC56 /* ViewController.swift in Sources */,
				1EB1B379213EC816004CBC56 /* AppDelegate.swift in Sources */,
			);
			runOnlyForDeploymentPostprocessing = 0;
		};
		1EB1B385213EC81B004CBC56 /* Sources */ = {
			isa = PBXSourcesBuildPhase;
			buildActionMask = 2147483647;
			files = (
				1EB1B38E213EC81B004CBC56 /* LocationManagerTests.swift in Sources */,
			);
			runOnlyForDeploymentPostprocessing = 0;
		};
		1EB1B390213EC81B004CBC56 /* Sources */ = {
			isa = PBXSourcesBuildPhase;
			buildActionMask = 2147483647;
			files = (
				1EB1B399213EC81B004CBC56 /* LocationManagerUITests.swift in Sources */,
			);
			runOnlyForDeploymentPostprocessing = 0;
		};
/* End PBXSourcesBuildPhase section */

/* Begin PBXTargetDependency section */
		1EB1B38B213EC81B004CBC56 /* PBXTargetDependency */ = {
			isa = PBXTargetDependency;
			target = 1EB1B374213EC816004CBC56 /* LocationManager */;
			targetProxy = 1EB1B38A213EC81B004CBC56 /* PBXContainerItemProxy */;
		};
		1EB1B396213EC81B004CBC56 /* PBXTargetDependency */ = {
			isa = PBXTargetDependency;
			target = 1EB1B374213EC816004CBC56 /* LocationManager */;
			targetProxy = 1EB1B395213EC81B004CBC56 /* PBXContainerItemProxy */;
		};
/* End PBXTargetDependency section */

/* Begin PBXVariantGroup section */
		1EB1B37C213EC816004CBC56 /* Main.storyboard */ = {
			isa = PBXVariantGroup;
			children = (
				1EB1B37D213EC816004CBC56 /* Base */,
			);
			name = Main.storyboard;
			sourceTree = "<group>";
		};
		1EB1B381213EC81A004CBC56 /* LaunchScreen.storyboard */ = {
			isa = PBXVariantGroup;
			children = (
				1EB1B382213EC81A004CBC56 /* Base */,
			);
			name = LaunchScreen.storyboard;
			sourceTree = "<group>";
		};
/* End PBXVariantGroup section */

/* Begin XCBuildConfiguration section */
		1EB1B39B213EC81B004CBC56 /* Debug */ = {
			isa = XCBuildConfiguration;
			buildSettings = {
				ALWAYS_SEARCH_USER_PATHS = NO;
				CLANG_ANALYZER_NONNULL = YES;
				CLANG_ANALYZER_NUMBER_OBJECT_CONVERSION = YES_AGGRESSIVE;
				CLANG_CXX_LANGUAGE_STANDARD = "gnu++14";
				CLANG_CXX_LIBRARY = "libc++";
				CLANG_ENABLE_MODULES = YES;
				CLANG_ENABLE_OBJC_ARC = YES;
				CLANG_ENABLE_OBJC_WEAK = YES;
				CLANG_WARN_BLOCK_CAPTURE_AUTORELEASING = YES;
				CLANG_WARN_BOOL_CONVERSION = YES;
				CLANG_WARN_COMMA = YES;
				CLANG_WARN_CONSTANT_CONVERSION = YES;
				CLANG_WARN_DEPRECATED_OBJC_IMPLEMENTATIONS = YES;
				CLANG_WARN_DIRECT_OBJC_ISA_USAGE = YES_ERROR;
				CLANG_WARN_DOCUMENTATION_COMMENTS = YES;
				CLANG_WARN_EMPTY_BODY = YES;
				CLANG_WARN_ENUM_CONVERSION = YES;
				CLANG_WARN_INFINITE_RECURSION = YES;
				CLANG_WARN_INT_CONVERSION = YES;
				CLANG_WARN_NON_LITERAL_NULL_CONVERSION = YES;
				CLANG_WARN_OBJC_IMPLICIT_RETAIN_SELF = YES;
				CLANG_WARN_OBJC_LITERAL_CONVERSION = YES;
				CLANG_WARN_OBJC_ROOT_CLASS = YES_ERROR;
				CLANG_WARN_RANGE_LOOP_ANALYSIS = YES;
				CLANG_WARN_STRICT_PROTOTYPES = YES;
				CLANG_WARN_SUSPICIOUS_MOVE = YES;
				CLANG_WARN_UNGUARDED_AVAILABILITY = YES_AGGRESSIVE;
				CLANG_WARN_UNREACHABLE_CODE = YES;
				CLANG_WARN__DUPLICATE_METHOD_MATCH = YES;
				CODE_SIGN_IDENTITY = "iPhone Developer";
				COPY_PHASE_STRIP = NO;
				DEBUG_INFORMATION_FORMAT = dwarf;
				ENABLE_STRICT_OBJC_MSGSEND = YES;
				ENABLE_TESTABILITY = YES;
				GCC_C_LANGUAGE_STANDARD = gnu11;
				GCC_DYNAMIC_NO_PIC = NO;
				GCC_NO_COMMON_BLOCKS = YES;
				GCC_OPTIMIZATION_LEVEL = 0;
				GCC_PREPROCESSOR_DEFINITIONS = (
					"DEBUG=1",
					"$(inherited)",
				);
				GCC_WARN_64_TO_32_BIT_CONVERSION = YES;
				GCC_WARN_ABOUT_RETURN_TYPE = YES_ERROR;
				GCC_WARN_UNDECLARED_SELECTOR = YES;
				GCC_WARN_UNINITIALIZED_AUTOS = YES_AGGRESSIVE;
				GCC_WARN_UNUSED_FUNCTION = YES;
				GCC_WARN_UNUSED_VARIABLE = YES;
				IPHONEOS_DEPLOYMENT_TARGET = 11.4;
				MTL_ENABLE_DEBUG_INFO = YES;
				ONLY_ACTIVE_ARCH = YES;
				SDKROOT = iphoneos;
				SWIFT_ACTIVE_COMPILATION_CONDITIONS = DEBUG;
				SWIFT_OPTIMIZATION_LEVEL = "-Onone";
			};
			name = Debug;
		};
		1EB1B39C213EC81B004CBC56 /* Release */ = {
			isa = XCBuildConfiguration;
			buildSettings = {
				ALWAYS_SEARCH_USER_PATHS = NO;
				CLANG_ANALYZER_NONNULL = YES;
				CLANG_ANALYZER_NUMBER_OBJECT_CONVERSION = YES_AGGRESSIVE;
				CLANG_CXX_LANGUAGE_STANDARD = "gnu++14";
				CLANG_CXX_LIBRARY = "libc++";
				CLANG_ENABLE_MODULES = YES;
				CLANG_ENABLE_OBJC_ARC = YES;
				CLANG_ENABLE_OBJC_WEAK = YES;
				CLANG_WARN_BLOCK_CAPTURE_AUTORELEASING = YES;
				CLANG_WARN_BOOL_CONVERSION = YES;
				CLANG_WARN_COMMA = YES;
				CLANG_WARN_CONSTANT_CONVERSION = YES;
				CLANG_WARN_DEPRECATED_OBJC_IMPLEMENTATIONS = YES;
				CLANG_WARN_DIRECT_OBJC_ISA_USAGE = YES_ERROR;
				CLANG_WARN_DOCUMENTATION_COMMENTS = YES;
				CLANG_WARN_EMPTY_BODY = YES;
				CLANG_WARN_ENUM_CONVERSION = YES;
				CLANG_WARN_INFINITE_RECURSION = YES;
				CLANG_WARN_INT_CONVERSION = YES;
				CLANG_WARN_NON_LITERAL_NULL_CONVERSION = YES;
				CLANG_WARN_OBJC_IMPLICIT_RETAIN_SELF = YES;
				CLANG_WARN_OBJC_LITERAL_CONVERSION = YES;
				CLANG_WARN_OBJC_ROOT_CLASS = YES_ERROR;
				CLANG_WARN_RANGE_LOOP_ANALYSIS = YES;
				CLANG_WARN_STRICT_PROTOTYPES = YES;
				CLANG_WARN_SUSPICIOUS_MOVE = YES;
				CLANG_WARN_UNGUARDED_AVAILABILITY = YES_AGGRESSIVE;
				CLANG_WARN_UNREACHABLE_CODE = YES;
				CLANG_WARN__DUPLICATE_METHOD_MATCH = YES;
				CODE_SIGN_IDENTITY = "iPhone Developer";
				COPY_PHASE_STRIP = NO;
				DEBUG_INFORMATION_FORMAT = "dwarf-with-dsym";
				ENABLE_NS_ASSERTIONS = NO;
				ENABLE_STRICT_OBJC_MSGSEND = YES;
				GCC_C_LANGUAGE_STANDARD = gnu11;
				GCC_NO_COMMON_BLOCKS = YES;
				GCC_WARN_64_TO_32_BIT_CONVERSION = YES;
				GCC_WARN_ABOUT_RETURN_TYPE = YES_ERROR;
				GCC_WARN_UNDECLARED_SELECTOR = YES;
				GCC_WARN_UNINITIALIZED_AUTOS = YES_AGGRESSIVE;
				GCC_WARN_UNUSED_FUNCTION = YES;
				GCC_WARN_UNUSED_VARIABLE = YES;
				IPHONEOS_DEPLOYMENT_TARGET = 11.4;
				MTL_ENABLE_DEBUG_INFO = NO;
				SDKROOT = iphoneos;
				SWIFT_COMPILATION_MODE = wholemodule;
				SWIFT_OPTIMIZATION_LEVEL = "-O";
				VALIDATE_PRODUCT = YES;
			};
			name = Release;
		};
		1EB1B39E213EC81B004CBC56 /* Debug */ = {
			isa = XCBuildConfiguration;
			buildSettings = {
				ASSETCATALOG_COMPILER_APPICON_NAME = AppIcon;
				CODE_SIGN_STYLE = Automatic;
				DEVELOPMENT_TEAM = HN495TU7P4;
				INFOPLIST_FILE = LocationManager/Info.plist;
				LD_RUNPATH_SEARCH_PATHS = (
					"$(inherited)",
					"@executable_path/Frameworks",
				);
				PRODUCT_BUNDLE_IDENTIFIER = Valencia.LocationManager;
				PRODUCT_NAME = "$(TARGET_NAME)";
				SWIFT_VERSION = 4.0;
				TARGETED_DEVICE_FAMILY = "1,2";
			};
			name = Debug;
		};
		1EB1B39F213EC81B004CBC56 /* Release */ = {
			isa = XCBuildConfiguration;
			buildSettings = {
				ASSETCATALOG_COMPILER_APPICON_NAME = AppIcon;
				CODE_SIGN_STYLE = Automatic;
				DEVELOPMENT_TEAM = HN495TU7P4;
				INFOPLIST_FILE = LocationManager/Info.plist;
				LD_RUNPATH_SEARCH_PATHS = (
					"$(inherited)",
					"@executable_path/Frameworks",
				);
				PRODUCT_BUNDLE_IDENTIFIER = Valencia.LocationManager;
				PRODUCT_NAME = "$(TARGET_NAME)";
				SWIFT_VERSION = 4.0;
				TARGETED_DEVICE_FAMILY = "1,2";
			};
			name = Release;
		};
		1EB1B3A1213EC81B004CBC56 /* Debug */ = {
			isa = XCBuildConfiguration;
			buildSettings = {
				ALWAYS_EMBED_SWIFT_STANDARD_LIBRARIES = YES;
				BUNDLE_LOADER = "$(TEST_HOST)";
				CODE_SIGN_STYLE = Automatic;
				DEVELOPMENT_TEAM = HN495TU7P4;
				INFOPLIST_FILE = LocationManagerTests/Info.plist;
				LD_RUNPATH_SEARCH_PATHS = (
					"$(inherited)",
					"@executable_path/Frameworks",
					"@loader_path/Frameworks",
				);
				PRODUCT_BUNDLE_IDENTIFIER = Valencia.LocationManagerTests;
				PRODUCT_NAME = "$(TARGET_NAME)";
				SWIFT_VERSION = 4.0;
				TARGETED_DEVICE_FAMILY = "1,2";
				TEST_HOST = "$(BUILT_PRODUCTS_DIR)/LocationManager.app/LocationManager";
			};
			name = Debug;
		};
		1EB1B3A2213EC81B004CBC56 /* Release */ = {
			isa = XCBuildConfiguration;
			buildSettings = {
				ALWAYS_EMBED_SWIFT_STANDARD_LIBRARIES = YES;
				BUNDLE_LOADER = "$(TEST_HOST)";
				CODE_SIGN_STYLE = Automatic;
				DEVELOPMENT_TEAM = HN495TU7P4;
				INFOPLIST_FILE = LocationManagerTests/Info.plist;
				LD_RUNPATH_SEARCH_PATHS = (
					"$(inherited)",
					"@executable_path/Frameworks",
					"@loader_path/Frameworks",
				);
				PRODUCT_BUNDLE_IDENTIFIER = Valencia.LocationManagerTests;
				PRODUCT_NAME = "$(TARGET_NAME)";
				SWIFT_VERSION = 4.0;
				TARGETED_DEVICE_FAMILY = "1,2";
				TEST_HOST = "$(BUILT_PRODUCTS_DIR)/LocationManager.app/LocationManager";
			};
			name = Release;
		};
		1EB1B3A4213EC81B004CBC56 /* Debug */ = {
			isa = XCBuildConfiguration;
			buildSettings = {
				ALWAYS_EMBED_SWIFT_STANDARD_LIBRARIES = YES;
				CODE_SIGN_STYLE = Automatic;
				DEVELOPMENT_TEAM = HN495TU7P4;
				INFOPLIST_FILE = LocationManagerUITests/Info.plist;
				LD_RUNPATH_SEARCH_PATHS = (
					"$(inherited)",
					"@executable_path/Frameworks",
					"@loader_path/Frameworks",
				);
				PRODUCT_BUNDLE_IDENTIFIER = Valencia.LocationManagerUITests;
				PRODUCT_NAME = "$(TARGET_NAME)";
				SWIFT_VERSION = 4.0;
				TARGETED_DEVICE_FAMILY = "1,2";
				TEST_TARGET_NAME = LocationManager;
			};
			name = Debug;
		};
		1EB1B3A5213EC81B004CBC56 /* Release */ = {
			isa = XCBuildConfiguration;
			buildSettings = {
				ALWAYS_EMBED_SWIFT_STANDARD_LIBRARIES = YES;
				CODE_SIGN_STYLE = Automatic;
				DEVELOPMENT_TEAM = HN495TU7P4;
				INFOPLIST_FILE = LocationManagerUITests/Info.plist;
				LD_RUNPATH_SEARCH_PATHS = (
					"$(inherited)",
					"@executable_path/Frameworks",
					"@loader_path/Frameworks",
				);
				PRODUCT_BUNDLE_IDENTIFIER = Valencia.LocationManagerUITests;
				PRODUCT_NAME = "$(TARGET_NAME)";
				SWIFT_VERSION = 4.0;
				TARGETED_DEVICE_FAMILY = "1,2";
				TEST_TARGET_NAME = LocationManager;
			};
			name = Release;
		};
/* End XCBuildConfiguration section */

/* Begin XCConfigurationList section */
		1EB1B370213EC816004CBC56 /* Build configuration list for PBXProject "LocationManager" */ = {
			isa = XCConfigurationList;
			buildConfigurations = (
				1EB1B39B213EC81B004CBC56 /* Debug */,
				1EB1B39C213EC81B004CBC56 /* Release */,
			);
			defaultConfigurationIsVisible = 0;
			defaultConfigurationName = Release;
		};
		1EB1B39D213EC81B004CBC56 /* Build configuration list for PBXNativeTarget "LocationManager" */ = {
			isa = XCConfigurationList;
			buildConfigurations = (
				1EB1B39E213EC81B004CBC56 /* Debug */,
				1EB1B39F213EC81B004CBC56 /* Release */,
			);
			defaultConfigurationIsVisible = 0;
			defaultConfigurationName = Release;
		};
		1EB1B3A0213EC81B004CBC56 /* Build configuration list for PBXNativeTarget "LocationManagerTests" */ = {
			isa = XCConfigurationList;
			buildConfigurations = (
				1EB1B3A1213EC81B004CBC56 /* Debug */,
				1EB1B3A2213EC81B004CBC56 /* Release */,
			);
			defaultConfigurationIsVisible = 0;
			defaultConfigurationName = Release;
		};
		1EB1B3A3213EC81B004CBC56 /* Build configuration list for PBXNativeTarget "LocationManagerUITests" */ = {
			isa = XCConfigurationList;
			buildConfigurations = (
				1EB1B3A4213EC81B004CBC56 /* Debug */,
				1EB1B3A5213EC81B004CBC56 /* Release */,
			);
			defaultConfigurationIsVisible = 0;
			defaultConfigurationName = Release;
		};
/* End XCConfigurationList section */
	};
	rootObject = 1EB1B36D213EC816004CBC56 /* Project object */;
}
