// !$*UTF8*$!
{
	archiveVersion = 1;
	classes = {
	};
	objectVersion = 50;
	objects = {

/* Begin PBXBuildFile section */
		1E731E7321401ED600080B83 /* AppDelegate.swift in Sources */ = {isa = PBXBuildFile; fileRef = 1E731E7221401ED600080B83 /* AppDelegate.swift */; };
		1E731E7521401ED600080B83 /* ViewController.swift in Sources */ = {isa = PBXBuildFile; fileRef = 1E731E7421401ED600080B83 /* ViewController.swift */; };
		1E731E7821401ED600080B83 /* Main.storyboard in Resources */ = {isa = PBXBuildFile; fileRef = 1E731E7621401ED600080B83 /* Main.storyboard */; };
		1E731E7A21401ED800080B83 /* Assets.xcassets in Resources */ = {isa = PBXBuildFile; fileRef = 1E731E7921401ED800080B83 /* Assets.xcassets */; };
		1E731E7D21401ED800080B83 /* LaunchScreen.storyboard in Resources */ = {isa = PBXBuildFile; fileRef = 1E731E7B21401ED800080B83 /* LaunchScreen.storyboard */; };
		1E731E8821401ED800080B83 /* MapAppTests.swift in Sources */ = {isa = PBXBuildFile; fileRef = 1E731E8721401ED800080B83 /* MapAppTests.swift */; };
		1E731E9321401ED800080B83 /* MapAppUITests.swift in Sources */ = {isa = PBXBuildFile; fileRef = 1E731E9221401ED800080B83 /* MapAppUITests.swift */; };
/* End PBXBuildFile section */

/* Begin PBXContainerItemProxy section */
		1E731E8421401ED800080B83 /* PBXContainerItemProxy */ = {
			isa = PBXContainerItemProxy;
			containerPortal = 1E731E6721401ED600080B83 /* Project object */;
			proxyType = 1;
			remoteGlobalIDString = 1E731E6E21401ED600080B83;
			remoteInfo = MapApp;
		};
		1E731E8F21401ED800080B83 /* PBXContainerItemProxy */ = {
			isa = PBXContainerItemProxy;
			containerPortal = 1E731E6721401ED600080B83 /* Project object */;
			proxyType = 1;
			remoteGlobalIDString = 1E731E6E21401ED600080B83;
			remoteInfo = MapApp;
		};
/* End PBXContainerItemProxy section */

/* Begin PBXFileReference section */
		1E731E6F21401ED600080B83 /* MapApp.app */ = {isa = PBXFileReference; explicitFileType = wrapper.application; includeInIndex = 0; path = MapApp.app; sourceTree = BUILT_PRODUCTS_DIR; };
		1E731E7221401ED600080B83 /* AppDelegate.swift */ = {isa = PBXFileReference; lastKnownFileType = sourcecode.swift; path = AppDelegate.swift; sourceTree = "<group>"; };
		1E731E7421401ED600080B83 /* ViewController.swift */ = {isa = PBXFileReference; lastKnownFileType = sourcecode.swift; path = ViewController.swift; sourceTree = "<group>"; };
		1E731E7721401ED600080B83 /* Base */ = {isa = PBXFileReference; lastKnownFileType = file.storyboard; name = Base; path = Base.lproj/Main.storyboard; sourceTree = "<group>"; };
		1E731E7921401ED800080B83 /* Assets.xcassets */ = {isa = PBXFileReference; lastKnownFileType = folder.assetcatalog; path = Assets.xcassets; sourceTree = "<group>"; };
		1E731E7C21401ED800080B83 /* Base */ = {isa = PBXFileReference; lastKnownFileType = file.storyboard; name = Base; path = Base.lproj/LaunchScreen.storyboard; sourceTree = "<group>"; };
		1E731E7E21401ED800080B83 /* Info.plist */ = {isa = PBXFileReference; lastKnownFileType = text.plist.xml; path = Info.plist; sourceTree = "<group>"; };
		1E731E8321401ED800080B83 /* MapAppTests.xctest */ = {isa = PBXFileReference; explicitFileType = wrapper.cfbundle; includeInIndex = 0; path = MapAppTests.xctest; sourceTree = BUILT_PRODUCTS_DIR; };
		1E731E8721401ED800080B83 /* MapAppTests.swift */ = {isa = PBXFileReference; lastKnownFileType = sourcecode.swift; path = MapAppTests.swift; sourceTree = "<group>"; };
		1E731E8921401ED800080B83 /* Info.plist */ = {isa = PBXFileReference; lastKnownFileType = text.plist.xml; path = Info.plist; sourceTree = "<group>"; };
		1E731E8E21401ED800080B83 /* MapAppUITests.xctest */ = {isa = PBXFileReference; explicitFileType = wrapper.cfbundle; includeInIndex = 0; path = MapAppUITests.xctest; sourceTree = BUILT_PRODUCTS_DIR; };
		1E731E9221401ED800080B83 /* MapAppUITests.swift */ = {isa = PBXFileReference; lastKnownFileType = sourcecode.swift; path = MapAppUITests.swift; sourceTree = "<group>"; };
		1E731E9421401ED800080B83 /* Info.plist */ = {isa = PBXFileReference; lastKnownFileType = text.plist.xml; path = Info.plist; sourceTree = "<group>"; };
		1E731EA0214026A000080B83 /* school.gpx */ = {isa = PBXFileReference; lastKnownFileType = text.xml; name = school.gpx; path = ../../../../../../Downloads/school.gpx; sourceTree = "<group>"; };
/* End PBXFileReference section */

/* Begin PBXFrameworksBuildPhase section */
		1E731E6C21401ED600080B83 /* Frameworks */ = {
			isa = PBXFrameworksBuildPhase;
			buildActionMask = 2147483647;
			files = (
			);
			runOnlyForDeploymentPostprocessing = 0;
		};
		1E731E8021401ED800080B83 /* Frameworks */ = {
			isa = PBXFrameworksBuildPhase;
			buildActionMask = 2147483647;
			files = (
			);
			runOnlyForDeploymentPostprocessing = 0;
		};
		1E731E8B21401ED800080B83 /* Frameworks */ = {
			isa = PBXFrameworksBuildPhase;
			buildActionMask = 2147483647;
			files = (
			);
			runOnlyForDeploymentPostprocessing = 0;
		};
/* End PBXFrameworksBuildPhase section */

/* Begin PBXGroup section */
		1E731E6621401ED600080B83 = {
			isa = PBXGroup;
			children = (
				1E731EA0214026A000080B83 /* school.gpx */,
				1E731E7121401ED600080B83 /* MapApp */,
				1E731E8621401ED800080B83 /* MapAppTests */,
				1E731E9121401ED800080B83 /* MapAppUITests */,
				1E731E7021401ED600080B83 /* Products */,
			);
			sourceTree = "<group>";
		};
		1E731E7021401ED600080B83 /* Products */ = {
			isa = PBXGroup;
			children = (
				1E731E6F21401ED600080B83 /* MapApp.app */,
				1E731E8321401ED800080B83 /* MapAppTests.xctest */,
				1E731E8E21401ED800080B83 /* MapAppUITests.xctest */,
			);
			name = Products;
			sourceTree = "<group>";
		};
		1E731E7121401ED600080B83 /* MapApp */ = {
			isa = PBXGroup;
			children = (
				1E731E7221401ED600080B83 /* AppDelegate.swift */,
				1E731E7421401ED600080B83 /* ViewController.swift */,
				1E731E7621401ED600080B83 /* Main.storyboard */,
				1E731E7921401ED800080B83 /* Assets.xcassets */,
				1E731E7B21401ED800080B83 /* LaunchScreen.storyboard */,
				1E731E7E21401ED800080B83 /* Info.plist */,
			);
			path = MapApp;
			sourceTree = "<group>";
		};
		1E731E8621401ED800080B83 /* MapAppTests */ = {
			isa = PBXGroup;
			children = (
				1E731E8721401ED800080B83 /* MapAppTests.swift */,
				1E731E8921401ED800080B83 /* Info.plist */,
			);
			path = MapAppTests;
			sourceTree = "<group>";
		};
		1E731E9121401ED800080B83 /* MapAppUITests */ = {
			isa = PBXGroup;
			children = (
				1E731E9221401ED800080B83 /* MapAppUITests.swift */,
				1E731E9421401ED800080B83 /* Info.plist */,
			);
			path = MapAppUITests;
			sourceTree = "<group>";
		};
/* End PBXGroup section */

/* Begin PBXNativeTarget section */
		1E731E6E21401ED600080B83 /* MapApp */ = {
			isa = PBXNativeTarget;
			buildConfigurationList = 1E731E9721401ED800080B83 /* Build configuration list for PBXNativeTarget "MapApp" */;
			buildPhases = (
				1E731E6B21401ED600080B83 /* Sources */,
				1E731E6C21401ED600080B83 /* Frameworks */,
				1E731E6D21401ED600080B83 /* Resources */,
			);
			buildRules = (
			);
			dependencies = (
			);
			name = MapApp;
			productName = MapApp;
			productReference = 1E731E6F21401ED600080B83 /* MapApp.app */;
			productType = "com.apple.product-type.application";
		};
		1E731E8221401ED800080B83 /* MapAppTests */ = {
			isa = PBXNativeTarget;
			buildConfigurationList = 1E731E9A21401ED800080B83 /* Build configuration list for PBXNativeTarget "MapAppTests" */;
			buildPhases = (
				1E731E7F21401ED800080B83 /* Sources */,
				1E731E8021401ED800080B83 /* Frameworks */,
				1E731E8121401ED800080B83 /* Resources */,
			);
			buildRules = (
			);
			dependencies = (
				1E731E8521401ED800080B83 /* PBXTargetDependency */,
			);
			name = MapAppTests;
			productName = MapAppTests;
			productReference = 1E731E8321401ED800080B83 /* MapAppTests.xctest */;
			productType = "com.apple.product-type.bundle.unit-test";
		};
		1E731E8D21401ED800080B83 /* MapAppUITests */ = {
			isa = PBXNativeTarget;
			buildConfigurationList = 1E731E9D21401ED800080B83 /* Build configuration list for PBXNativeTarget "MapAppUITests" */;
			buildPhases = (
				1E731E8A21401ED800080B83 /* Sources */,
				1E731E8B21401ED800080B83 /* Frameworks */,
				1E731E8C21401ED800080B83 /* Resources */,
			);
			buildRules = (
			);
			dependencies = (
				1E731E9021401ED800080B83 /* PBXTargetDependency */,
			);
			name = MapAppUITests;
			productName = MapAppUITests;
			productReference = 1E731E8E21401ED800080B83 /* MapAppUITests.xctest */;
			productType = "com.apple.product-type.bundle.ui-testing";
		};
/* End PBXNativeTarget section */

/* Begin PBXProject section */
		1E731E6721401ED600080B83 /* Project object */ = {
			isa = PBXProject;
			attributes = {
				LastSwiftUpdateCheck = 0940;
				LastUpgradeCheck = 0940;
				ORGANIZATIONNAME = "Felipe Valencia ";
				TargetAttributes = {
					1E731E6E21401ED600080B83 = {
						CreatedOnToolsVersion = 9.4.1;
					};
					1E731E8221401ED800080B83 = {
						CreatedOnToolsVersion = 9.4.1;
						TestTargetID = 1E731E6E21401ED600080B83;
					};
					1E731E8D21401ED800080B83 = {
						CreatedOnToolsVersion = 9.4.1;
						TestTargetID = 1E731E6E21401ED600080B83;
					};
				};
			};
			buildConfigurationList = 1E731E6A21401ED600080B83 /* Build configuration list for PBXProject "MapApp" */;
			compatibilityVersion = "Xcode 9.3";
			developmentRegion = en;
			hasScannedForEncodings = 0;
			knownRegions = (
				en,
				Base,
			);
			mainGroup = 1E731E6621401ED600080B83;
			productRefGroup = 1E731E7021401ED600080B83 /* Products */;
			projectDirPath = "";
			projectRoot = "";
			targets = (
				1E731E6E21401ED600080B83 /* MapApp */,
				1E731E8221401ED800080B83 /* MapAppTests */,
				1E731E8D21401ED800080B83 /* MapAppUITests */,
			);
		};
/* End PBXProject section */

/* Begin PBXResourcesBuildPhase section */
		1E731E6D21401ED600080B83 /* Resources */ = {
			isa = PBXResourcesBuildPhase;
			buildActionMask = 2147483647;
			files = (
				1E731E7D21401ED800080B83 /* LaunchScreen.storyboard in Resources */,
				1E731E7A21401ED800080B83 /* Assets.xcassets in Resources */,
				1E731E7821401ED600080B83 /* Main.storyboard in Resources */,
			);
			runOnlyForDeploymentPostprocessing = 0;
		};
		1E731E8121401ED800080B83 /* Resources */ = {
			isa = PBXResourcesBuildPhase;
			buildActionMask = 2147483647;
			files = (
			);
			runOnlyForDeploymentPostprocessing = 0;
		};
		1E731E8C21401ED800080B83 /* Resources */ = {
			isa = PBXResourcesBuildPhase;
			buildActionMask = 2147483647;
			files = (
			);
			runOnlyForDeploymentPostprocessing = 0;
		};
/* End PBXResourcesBuildPhase section */

/* Begin PBXSourcesBuildPhase section */
		1E731E6B21401ED600080B83 /* Sources */ = {
			isa = PBXSourcesBuildPhase;
			buildActionMask = 2147483647;
			files = (
				1E731E7521401ED600080B83 /* ViewController.swift in Sources */,
				1E731E7321401ED600080B83 /* AppDelegate.swift in Sources */,
			);
			runOnlyForDeploymentPostprocessing = 0;
		};
		1E731E7F21401ED800080B83 /* Sources */ = {
			isa = PBXSourcesBuildPhase;
			buildActionMask = 2147483647;
			files = (
				1E731E8821401ED800080B83 /* MapAppTests.swift in Sources */,
			);
			runOnlyForDeploymentPostprocessing = 0;
		};
		1E731E8A21401ED800080B83 /* Sources */ = {
			isa = PBXSourcesBuildPhase;
			buildActionMask = 2147483647;
			files = (
				1E731E9321401ED800080B83 /* MapAppUITests.swift in Sources */,
			);
			runOnlyForDeploymentPostprocessing = 0;
		};
/* End PBXSourcesBuildPhase section */

/* Begin PBXTargetDependency section */
		1E731E8521401ED800080B83 /* PBXTargetDependency */ = {
			isa = PBXTargetDependency;
			target = 1E731E6E21401ED600080B83 /* MapApp */;
			targetProxy = 1E731E8421401ED800080B83 /* PBXContainerItemProxy */;
		};
		1E731E9021401ED800080B83 /* PBXTargetDependency */ = {
			isa = PBXTargetDependency;
			target = 1E731E6E21401ED600080B83 /* MapApp */;
			targetProxy = 1E731E8F21401ED800080B83 /* PBXContainerItemProxy */;
		};
/* End PBXTargetDependency section */

/* Begin PBXVariantGroup section */
		1E731E7621401ED600080B83 /* Main.storyboard */ = {
			isa = PBXVariantGroup;
			children = (
				1E731E7721401ED600080B83 /* Base */,
			);
			name = Main.storyboard;
			sourceTree = "<group>";
		};
		1E731E7B21401ED800080B83 /* LaunchScreen.storyboard */ = {
			isa = PBXVariantGroup;
			children = (
				1E731E7C21401ED800080B83 /* Base */,
			);
			name = LaunchScreen.storyboard;
			sourceTree = "<group>";
		};
/* End PBXVariantGroup section */

/* Begin XCBuildConfiguration section */
		1E731E9521401ED800080B83 /* Debug */ = {
			isa = XCBuildConfiguration;
			buildSettings = {
				ALWAYS_SEARCH_USER_PATHS = NO;
				CLANG_ANALYZER_NONNULL = YES;
				CLANG_ANALYZER_NUMBER_OBJECT_CONVERSION = YES_AGGRESSIVE;
				CLANG_CXX_LANGUAGE_STANDARD = "gnu++14";
				CLANG_CXX_LIBRARY = "libc++";
				CLANG_ENABLE_MODULES = YES;
				CLANG_ENABLE_OBJC_ARC = YES;
				CLANG_ENABLE_OBJC_WEAK = YES;
				CLANG_WARN_BLOCK_CAPTURE_AUTORELEASING = YES;
				CLANG_WARN_BOOL_CONVERSION = YES;
				CLANG_WARN_COMMA = YES;
				CLANG_WARN_CONSTANT_CONVERSION = YES;
				CLANG_WARN_DEPRECATED_OBJC_IMPLEMENTATIONS = YES;
				CLANG_WARN_DIRECT_OBJC_ISA_USAGE = YES_ERROR;
				CLANG_WARN_DOCUMENTATION_COMMENTS = YES;
				CLANG_WARN_EMPTY_BODY = YES;
				CLANG_WARN_ENUM_CONVERSION = YES;
				CLANG_WARN_INFINITE_RECURSION = YES;
				CLANG_WARN_INT_CONVERSION = YES;
				CLANG_WARN_NON_LITERAL_NULL_CONVERSION = YES;
				CLANG_WARN_OBJC_IMPLICIT_RETAIN_SELF = YES;
				CLANG_WARN_OBJC_LITERAL_CONVERSION = YES;
				CLANG_WARN_OBJC_ROOT_CLASS = YES_ERROR;
				CLANG_WARN_RANGE_LOOP_ANALYSIS = YES;
				CLANG_WARN_STRICT_PROTOTYPES = YES;
				CLANG_WARN_SUSPICIOUS_MOVE = YES;
				CLANG_WARN_UNGUARDED_AVAILABILITY = YES_AGGRESSIVE;
				CLANG_WARN_UNREACHABLE_CODE = YES;
				CLANG_WARN__DUPLICATE_METHOD_MATCH = YES;
				CODE_SIGN_IDENTITY = "iPhone Developer";
				COPY_PHASE_STRIP = NO;
				DEBUG_INFORMATION_FORMAT = dwarf;
				ENABLE_STRICT_OBJC_MSGSEND = YES;
				ENABLE_TESTABILITY = YES;
				GCC_C_LANGUAGE_STANDARD = gnu11;
				GCC_DYNAMIC_NO_PIC = NO;
				GCC_NO_COMMON_BLOCKS = YES;
				GCC_OPTIMIZATION_LEVEL = 0;
				GCC_PREPROCESSOR_DEFINITIONS = (
					"DEBUG=1",
					"$(inherited)",
				);
				GCC_WARN_64_TO_32_BIT_CONVERSION = YES;
				GCC_WARN_ABOUT_RETURN_TYPE = YES_ERROR;
				GCC_WARN_UNDECLARED_SELECTOR = YES;
				GCC_WARN_UNINITIALIZED_AUTOS = YES_AGGRESSIVE;
				GCC_WARN_UNUSED_FUNCTION = YES;
				GCC_WARN_UNUSED_VARIABLE = YES;
				IPHONEOS_DEPLOYMENT_TARGET = 11.4;
				MTL_ENABLE_DEBUG_INFO = YES;
				ONLY_ACTIVE_ARCH = YES;
				SDKROOT = iphoneos;
				SWIFT_ACTIVE_COMPILATION_CONDITIONS = DEBUG;
				SWIFT_OPTIMIZATION_LEVEL = "-Onone";
			};
			name = Debug;
		};
		1E731E9621401ED800080B83 /* Release */ = {
			isa = XCBuildConfiguration;
			buildSettings = {
				ALWAYS_SEARCH_USER_PATHS = NO;
				CLANG_ANALYZER_NONNULL = YES;
				CLANG_ANALYZER_NUMBER_OBJECT_CONVERSION = YES_AGGRESSIVE;
				CLANG_CXX_LANGUAGE_STANDARD = "gnu++14";
				CLANG_CXX_LIBRARY = "libc++";
				CLANG_ENABLE_MODULES = YES;
				CLANG_ENABLE_OBJC_ARC = YES;
				CLANG_ENABLE_OBJC_WEAK = YES;
				CLANG_WARN_BLOCK_CAPTURE_AUTORELEASING = YES;
				CLANG_WARN_BOOL_CONVERSION = YES;
				CLANG_WARN_COMMA = YES;
				CLANG_WARN_CONSTANT_CONVERSION = YES;
				CLANG_WARN_DEPRECATED_OBJC_IMPLEMENTATIONS = YES;
				CLANG_WARN_DIRECT_OBJC_ISA_USAGE = YES_ERROR;
				CLANG_WARN_DOCUMENTATION_COMMENTS = YES;
				CLANG_WARN_EMPTY_BODY = YES;
				CLANG_WARN_ENUM_CONVERSION = YES;
				CLANG_WARN_INFINITE_RECURSION = YES;
				CLANG_WARN_INT_CONVERSION = YES;
				CLANG_WARN_NON_LITERAL_NULL_CONVERSION = YES;
				CLANG_WARN_OBJC_IMPLICIT_RETAIN_SELF = YES;
				CLANG_WARN_OBJC_LITERAL_CONVERSION = YES;
				CLANG_WARN_OBJC_ROOT_CLASS = YES_ERROR;
				CLANG_WARN_RANGE_LOOP_ANALYSIS = YES;
				CLANG_WARN_STRICT_PROTOTYPES = YES;
				CLANG_WARN_SUSPICIOUS_MOVE = YES;
				CLANG_WARN_UNGUARDED_AVAILABILITY = YES_AGGRESSIVE;
				CLANG_WARN_UNREACHABLE_CODE = YES;
				CLANG_WARN__DUPLICATE_METHOD_MATCH = YES;
				CODE_SIGN_IDENTITY = "iPhone Developer";
				COPY_PHASE_STRIP = NO;
				DEBUG_INFORMATION_FORMAT = "dwarf-with-dsym";
				ENABLE_NS_ASSERTIONS = NO;
				ENABLE_STRICT_OBJC_MSGSEND = YES;
				GCC_C_LANGUAGE_STANDARD = gnu11;
				GCC_NO_COMMON_BLOCKS = YES;
				GCC_WARN_64_TO_32_BIT_CONVERSION = YES;
				GCC_WARN_ABOUT_RETURN_TYPE = YES_ERROR;
				GCC_WARN_UNDECLARED_SELECTOR = YES;
				GCC_WARN_UNINITIALIZED_AUTOS = YES_AGGRESSIVE;
				GCC_WARN_UNUSED_FUNCTION = YES;
				GCC_WARN_UNUSED_VARIABLE = YES;
				IPHONEOS_DEPLOYMENT_TARGET = 11.4;
				MTL_ENABLE_DEBUG_INFO = NO;
				SDKROOT = iphoneos;
				SWIFT_COMPILATION_MODE = wholemodule;
				SWIFT_OPTIMIZATION_LEVEL = "-O";
				VALIDATE_PRODUCT = YES;
			};
			name = Release;
		};
		1E731E9821401ED800080B83 /* Debug */ = {
			isa = XCBuildConfiguration;
			buildSettings = {
				ASSETCATALOG_COMPILER_APPICON_NAME = AppIcon;
				CODE_SIGN_STYLE = Automatic;
				DEVELOPMENT_TEAM = 4KMFKXP2CR;
				INFOPLIST_FILE = MapApp/Info.plist;
				LD_RUNPATH_SEARCH_PATHS = (
					"$(inherited)",
					"@executable_path/Frameworks",
				);
				PRODUCT_BUNDLE_IDENTIFIER = Valencia.MapApp;
				PRODUCT_NAME = "$(TARGET_NAME)";
				SWIFT_VERSION = 4.0;
				TARGETED_DEVICE_FAMILY = "1,2";
			};
			name = Debug;
		};
		1E731E9921401ED800080B83 /* Release */ = {
			isa = XCBuildConfiguration;
			buildSettings = {
				ASSETCATALOG_COMPILER_APPICON_NAME = AppIcon;
				CODE_SIGN_STYLE = Automatic;
				DEVELOPMENT_TEAM = 4KMFKXP2CR;
				INFOPLIST_FILE = MapApp/Info.plist;
				LD_RUNPATH_SEARCH_PATHS = (
					"$(inherited)",
					"@executable_path/Frameworks",
				);
				PRODUCT_BUNDLE_IDENTIFIER = Valencia.MapApp;
				PRODUCT_NAME = "$(TARGET_NAME)";
				SWIFT_VERSION = 4.0;
				TARGETED_DEVICE_FAMILY = "1,2";
			};
			name = Release;
		};
		1E731E9B21401ED800080B83 /* Debug */ = {
			isa = XCBuildConfiguration;
			buildSettings = {
				ALWAYS_EMBED_SWIFT_STANDARD_LIBRARIES = YES;
				BUNDLE_LOADER = "$(TEST_HOST)";
				CODE_SIGN_STYLE = Automatic;
				DEVELOPMENT_TEAM = HN495TU7P4;
				INFOPLIST_FILE = MapAppTests/Info.plist;
				LD_RUNPATH_SEARCH_PATHS = (
					"$(inherited)",
					"@executable_path/Frameworks",
					"@loader_path/Frameworks",
				);
				PRODUCT_BUNDLE_IDENTIFIER = Valencia.MapAppTests;
				PRODUCT_NAME = "$(TARGET_NAME)";
				SWIFT_VERSION = 4.0;
				TARGETED_DEVICE_FAMILY = "1,2";
				TEST_HOST = "$(BUILT_PRODUCTS_DIR)/MapApp.app/MapApp";
			};
			name = Debug;
		};
		1E731E9C21401ED800080B83 /* Release */ = {
			isa = XCBuildConfiguration;
			buildSettings = {
				ALWAYS_EMBED_SWIFT_STANDARD_LIBRARIES = YES;
				BUNDLE_LOADER = "$(TEST_HOST)";
				CODE_SIGN_STYLE = Automatic;
				DEVELOPMENT_TEAM = HN495TU7P4;
				INFOPLIST_FILE = MapAppTests/Info.plist;
				LD_RUNPATH_SEARCH_PATHS = (
					"$(inherited)",
					"@executable_path/Frameworks",
					"@loader_path/Frameworks",
				);
				PRODUCT_BUNDLE_IDENTIFIER = Valencia.MapAppTests;
				PRODUCT_NAME = "$(TARGET_NAME)";
				SWIFT_VERSION = 4.0;
				TARGETED_DEVICE_FAMILY = "1,2";
				TEST_HOST = "$(BUILT_PRODUCTS_DIR)/MapApp.app/MapApp";
			};
			name = Release;
		};
		1E731E9E21401ED800080B83 /* Debug */ = {
			isa = XCBuildConfiguration;
			buildSettings = {
				ALWAYS_EMBED_SWIFT_STANDARD_LIBRARIES = YES;
				CODE_SIGN_STYLE = Automatic;
				DEVELOPMENT_TEAM = HN495TU7P4;
				INFOPLIST_FILE = MapAppUITests/Info.plist;
				LD_RUNPATH_SEARCH_PATHS = (
					"$(inherited)",
					"@executable_path/Frameworks",
					"@loader_path/Frameworks",
				);
				PRODUCT_BUNDLE_IDENTIFIER = Valencia.MapAppUITests;
				PRODUCT_NAME = "$(TARGET_NAME)";
				SWIFT_VERSION = 4.0;
				TARGETED_DEVICE_FAMILY = "1,2";
				TEST_TARGET_NAME = MapApp;
			};
			name = Debug;
		};
		1E731E9F21401ED800080B83 /* Release */ = {
			isa = XCBuildConfiguration;
			buildSettings = {
				ALWAYS_EMBED_SWIFT_STANDARD_LIBRARIES = YES;
				CODE_SIGN_STYLE = Automatic;
				DEVELOPMENT_TEAM = HN495TU7P4;
				INFOPLIST_FILE = MapAppUITests/Info.plist;
				LD_RUNPATH_SEARCH_PATHS = (
					"$(inherited)",
					"@executable_path/Frameworks",
					"@loader_path/Frameworks",
				);
				PRODUCT_BUNDLE_IDENTIFIER = Valencia.MapAppUITests;
				PRODUCT_NAME = "$(TARGET_NAME)";
				SWIFT_VERSION = 4.0;
				TARGETED_DEVICE_FAMILY = "1,2";
				TEST_TARGET_NAME = MapApp;
			};
			name = Release;
		};
/* End XCBuildConfiguration section */

/* Begin XCConfigurationList section */
		1E731E6A21401ED600080B83 /* Build configuration list for PBXProject "MapApp" */ = {
			isa = XCConfigurationList;
			buildConfigurations = (
				1E731E9521401ED800080B83 /* Debug */,
				1E731E9621401ED800080B83 /* Release */,
			);
			defaultConfigurationIsVisible = 0;
			defaultConfigurationName = Release;
		};
		1E731E9721401ED800080B83 /* Build configuration list for PBXNativeTarget "MapApp" */ = {
			isa = XCConfigurationList;
			buildConfigurations = (
				1E731E9821401ED800080B83 /* Debug */,
				1E731E9921401ED800080B83 /* Release */,
			);
			defaultConfigurationIsVisible = 0;
			defaultConfigurationName = Release;
		};
		1E731E9A21401ED800080B83 /* Build configuration list for PBXNativeTarget "MapAppTests" */ = {
			isa = XCConfigurationList;
			buildConfigurations = (
				1E731E9B21401ED800080B83 /* Debug */,
				1E731E9C21401ED800080B83 /* Release */,
			);
			defaultConfigurationIsVisible = 0;
			defaultConfigurationName = Release;
		};
		1E731E9D21401ED800080B83 /* Build configuration list for PBXNativeTarget "MapAppUITests" */ = {
			isa = XCConfigurationList;
			buildConfigurations = (
				1E731E9E21401ED800080B83 /* Debug */,
				1E731E9F21401ED800080B83 /* Release */,
			);
			defaultConfigurationIsVisible = 0;
			defaultConfigurationName = Release;
		};
/* End XCConfigurationList section */
	};
	rootObject = 1E731E6721401ED600080B83 /* Project object */;
}
