// !$*UTF8*$!
{
	archiveVersion = 1;
	classes = {
	};
	objectVersion = 50;
	objects = {

/* Begin PBXBuildFile section */
		1E1E25612153FBE300555CB2 /* AppDelegate.swift in Sources */ = {isa = PBXBuildFile; fileRef = 1E1E25602153FBE300555CB2 /* AppDelegate.swift */; };
		1E1E25632153FBE300555CB2 /* ViewController.swift in Sources */ = {isa = PBXBuildFile; fileRef = 1E1E25622153FBE300555CB2 /* ViewController.swift */; };
		1E1E25662153FBE300555CB2 /* Main.storyboard in Resources */ = {isa = PBXBuildFile; fileRef = 1E1E25642153FBE300555CB2 /* Main.storyboard */; };
		1E1E25682153FBE700555CB2 /* Assets.xcassets in Resources */ = {isa = PBXBuildFile; fileRef = 1E1E25672153FBE700555CB2 /* Assets.xcassets */; };
		1E1E256B2153FBE700555CB2 /* LaunchScreen.storyboard in Resources */ = {isa = PBXBuildFile; fileRef = 1E1E25692153FBE700555CB2 /* LaunchScreen.storyboard */; };
		843C865AD34958B1533AC928 /* Pods_HTTP_App.framework in Frameworks */ = {isa = PBXBuildFile; fileRef = 8F73F5EC633EE8E337889F10 /* Pods_HTTP_App.framework */; };
/* End PBXBuildFile section */

/* Begin PBXFileReference section */
		1E1E255D2153FBE300555CB2 /* HTTP_App.app */ = {isa = PBXFileReference; explicitFileType = wrapper.application; includeInIndex = 0; path = HTTP_App.app; sourceTree = BUILT_PRODUCTS_DIR; };
		1E1E25602153FBE300555CB2 /* AppDelegate.swift */ = {isa = PBXFileReference; lastKnownFileType = sourcecode.swift; path = AppDelegate.swift; sourceTree = "<group>"; };
		1E1E25622153FBE300555CB2 /* ViewController.swift */ = {isa = PBXFileReference; lastKnownFileType = sourcecode.swift; path = ViewController.swift; sourceTree = "<group>"; };
		1E1E25652153FBE300555CB2 /* Base */ = {isa = PBXFileReference; lastKnownFileType = file.storyboard; name = Base; path = Base.lproj/Main.storyboard; sourceTree = "<group>"; };
		1E1E25672153FBE700555CB2 /* Assets.xcassets */ = {isa = PBXFileReference; lastKnownFileType = folder.assetcatalog; path = Assets.xcassets; sourceTree = "<group>"; };
		1E1E256A2153FBE700555CB2 /* Base */ = {isa = PBXFileReference; lastKnownFileType = file.storyboard; name = Base; path = Base.lproj/LaunchScreen.storyboard; sourceTree = "<group>"; };
		1E1E256C2153FBE700555CB2 /* Info.plist */ = {isa = PBXFileReference; lastKnownFileType = text.plist.xml; path = Info.plist; sourceTree = "<group>"; };
		8F73F5EC633EE8E337889F10 /* Pods_HTTP_App.framework */ = {isa = PBXFileReference; explicitFileType = wrapper.framework; includeInIndex = 0; path = Pods_HTTP_App.framework; sourceTree = BUILT_PRODUCTS_DIR; };
		963982C185113FB7CC413865 /* Pods-HTTP_App.debug.xcconfig */ = {isa = PBXFileReference; includeInIndex = 1; lastKnownFileType = text.xcconfig; name = "Pods-HTTP_App.debug.xcconfig"; path = "Pods/Target Support Files/Pods-HTTP_App/Pods-HTTP_App.debug.xcconfig"; sourceTree = "<group>"; };
		D62B08D5EBFEB1291E01A504 /* Pods-HTTP_App.release.xcconfig */ = {isa = PBXFileReference; includeInIndex = 1; lastKnownFileType = text.xcconfig; name = "Pods-HTTP_App.release.xcconfig"; path = "Pods/Target Support Files/Pods-HTTP_App/Pods-HTTP_App.release.xcconfig"; sourceTree = "<group>"; };
/* End PBXFileReference section */

/* Begin PBXFrameworksBuildPhase section */
		1E1E255A2153FBE300555CB2 /* Frameworks */ = {
			isa = PBXFrameworksBuildPhase;
			buildActionMask = 2147483647;
			files = (
				843C865AD34958B1533AC928 /* Pods_HTTP_App.framework in Frameworks */,
			);
			runOnlyForDeploymentPostprocessing = 0;
		};
/* End PBXFrameworksBuildPhase section */

/* Begin PBXGroup section */
		1E1E25542153FBE300555CB2 = {
			isa = PBXGroup;
			children = (
				1E1E255F2153FBE300555CB2 /* HTTP_App */,
				1E1E255E2153FBE300555CB2 /* Products */,
				CA09A54668BFD5E0F477362F /* Pods */,
				B1D4F69415D868F57AEF6DA1 /* Frameworks */,
			);
			sourceTree = "<group>";
		};
		1E1E255E2153FBE300555CB2 /* Products */ = {
			isa = PBXGroup;
			children = (
				1E1E255D2153FBE300555CB2 /* HTTP_App.app */,
			);
			name = Products;
			sourceTree = "<group>";
		};
		1E1E255F2153FBE300555CB2 /* HTTP_App */ = {
			isa = PBXGroup;
			children = (
				1E1E25602153FBE300555CB2 /* AppDelegate.swift */,
				1E1E25622153FBE300555CB2 /* ViewController.swift */,
				1E1E25642153FBE300555CB2 /* Main.storyboard */,
				1E1E25672153FBE700555CB2 /* Assets.xcassets */,
				1E1E25692153FBE700555CB2 /* LaunchScreen.storyboard */,
				1E1E256C2153FBE700555CB2 /* Info.plist */,
			);
			path = HTTP_App;
			sourceTree = "<group>";
		};
		B1D4F69415D868F57AEF6DA1 /* Frameworks */ = {
			isa = PBXGroup;
			children = (
				8F73F5EC633EE8E337889F10 /* Pods_HTTP_App.framework */,
			);
			name = Frameworks;
			sourceTree = "<group>";
		};
		CA09A54668BFD5E0F477362F /* Pods */ = {
			isa = PBXGroup;
			children = (
				963982C185113FB7CC413865 /* Pods-HTTP_App.debug.xcconfig */,
				D62B08D5EBFEB1291E01A504 /* Pods-HTTP_App.release.xcconfig */,
			);
			name = Pods;
			sourceTree = "<group>";
		};
/* End PBXGroup section */

/* Begin PBXNativeTarget section */
		1E1E255C2153FBE300555CB2 /* HTTP_App */ = {
			isa = PBXNativeTarget;
			buildConfigurationList = 1E1E256F2153FBE700555CB2 /* Build configuration list for PBXNativeTarget "HTTP_App" */;
			buildPhases = (
				75DB4E64C9B2ADE0E04DC764 /* [CP] Check Pods Manifest.lock */,
				1E1E25592153FBE300555CB2 /* Sources */,
				1E1E255A2153FBE300555CB2 /* Frameworks */,
				1E1E255B2153FBE300555CB2 /* Resources */,
				D036564B2EF0C20F43D57831 /* [CP] Embed Pods Frameworks */,
			);
			buildRules = (
			);
			dependencies = (
			);
			name = HTTP_App;
			productName = HTTP_App;
			productReference = 1E1E255D2153FBE300555CB2 /* HTTP_App.app */;
			productType = "com.apple.product-type.application";
		};
/* End PBXNativeTarget section */

/* Begin PBXProject section */
		1E1E25552153FBE300555CB2 /* Project object */ = {
			isa = PBXProject;
			attributes = {
				LastSwiftUpdateCheck = 1000;
				LastUpgradeCheck = 1000;
				ORGANIZATIONNAME = "Felipe Valencia ";
				TargetAttributes = {
					1E1E255C2153FBE300555CB2 = {
						CreatedOnToolsVersion = 10.0;
					};
				};
			};
			buildConfigurationList = 1E1E25582153FBE300555CB2 /* Build configuration list for PBXProject "HTTP_App" */;
			compatibilityVersion = "Xcode 9.3";
			developmentRegion = en;
			hasScannedForEncodings = 0;
			knownRegions = (
				en,
				Base,
			);
			mainGroup = 1E1E25542153FBE300555CB2;
			productRefGroup = 1E1E255E2153FBE300555CB2 /* Products */;
			projectDirPath = "";
			projectRoot = "";
			targets = (
				1E1E255C2153FBE300555CB2 /* HTTP_App */,
			);
		};
/* End PBXProject section */

/* Begin PBXResourcesBuildPhase section */
		1E1E255B2153FBE300555CB2 /* Resources */ = {
			isa = PBXResourcesBuildPhase;
			buildActionMask = 2147483647;
			files = (
				1E1E256B2153FBE700555CB2 /* LaunchScreen.storyboard in Resources */,
				1E1E25682153FBE700555CB2 /* Assets.xcassets in Resources */,
				1E1E25662153FBE300555CB2 /* Main.storyboard in Resources */,
			);
			runOnlyForDeploymentPostprocessing = 0;
		};
/* End PBXResourcesBuildPhase section */

/* Begin PBXShellScriptBuildPhase section */
		75DB4E64C9B2ADE0E04DC764 /* [CP] Check Pods Manifest.lock */ = {
			isa = PBXShellScriptBuildPhase;
			buildActionMask = 2147483647;
			files = (
			);
			inputPaths = (
				"${PODS_PODFILE_DIR_PATH}/Podfile.lock",
				"${PODS_ROOT}/Manifest.lock",
			);
			name = "[CP] Check Pods Manifest.lock";
			outputPaths = (
				"$(DERIVED_FILE_DIR)/Pods-HTTP_App-checkManifestLockResult.txt",
			);
			runOnlyForDeploymentPostprocessing = 0;
			shellPath = /bin/sh;
			shellScript = "diff \"${PODS_PODFILE_DIR_PATH}/Podfile.lock\" \"${PODS_ROOT}/Manifest.lock\" > /dev/null\nif [ $? != 0 ] ; then\n    # print error to STDERR\n    echo \"error: The sandbox is not in sync with the Podfile.lock. Run 'pod install' or update your CocoaPods installation.\" >&2\n    exit 1\nfi\n# This output is used by Xcode 'outputs' to avoid re-running this script phase.\necho \"SUCCESS\" > \"${SCRIPT_OUTPUT_FILE_0}\"\n";
			showEnvVarsInLog = 0;
		};
		D036564B2EF0C20F43D57831 /* [CP] Embed Pods Frameworks */ = {
			isa = PBXShellScriptBuildPhase;
			buildActionMask = 2147483647;
			files = (
			);
			inputPaths = (
				"${SRCROOT}/Pods/Target Support Files/Pods-HTTP_App/Pods-HTTP_App-frameworks.sh",
				"${BUILT_PRODUCTS_DIR}/Alamofire/Alamofire.framework",
			);
			name = "[CP] Embed Pods Frameworks";
			outputPaths = (
				"${TARGET_BUILD_DIR}/${FRAMEWORKS_FOLDER_PATH}/Alamofire.framework",
			);
			runOnlyForDeploymentPostprocessing = 0;
			shellPath = /bin/sh;
			shellScript = "\"${SRCROOT}/Pods/Target Support Files/Pods-HTTP_App/Pods-HTTP_App-frameworks.sh\"\n";
			showEnvVarsInLog = 0;
		};
/* End PBXShellScriptBuildPhase section */

/* Begin PBXSourcesBuildPhase section */
		1E1E25592153FBE300555CB2 /* Sources */ = {
			isa = PBXSourcesBuildPhase;
			buildActionMask = 2147483647;
			files = (
				1E1E25632153FBE300555CB2 /* ViewController.swift in Sources */,
				1E1E25612153FBE300555CB2 /* AppDelegate.swift in Sources */,
			);
			runOnlyForDeploymentPostprocessing = 0;
		};
/* End PBXSourcesBuildPhase section */

/* Begin PBXVariantGroup section */
		1E1E25642153FBE300555CB2 /* Main.storyboard */ = {
			isa = PBXVariantGroup;
			children = (
				1E1E25652153FBE300555CB2 /* Base */,
			);
			name = Main.storyboard;
			sourceTree = "<group>";
		};
		1E1E25692153FBE700555CB2 /* LaunchScreen.storyboard */ = {
			isa = PBXVariantGroup;
			children = (
				1E1E256A2153FBE700555CB2 /* Base */,
			);
			name = LaunchScreen.storyboard;
			sourceTree = "<group>";
		};
/* End PBXVariantGroup section */

/* Begin XCBuildConfiguration section */
		1E1E256D2153FBE700555CB2 /* Debug */ = {
			isa = XCBuildConfiguration;
			buildSettings = {
				ALWAYS_SEARCH_USER_PATHS = NO;
				CLANG_ANALYZER_NONNULL = YES;
				CLANG_ANALYZER_NUMBER_OBJECT_CONVERSION = YES_AGGRESSIVE;
				CLANG_CXX_LANGUAGE_STANDARD = "gnu++14";
				CLANG_CXX_LIBRARY = "libc++";
				CLANG_ENABLE_MODULES = YES;
				CLANG_ENABLE_OBJC_ARC = YES;
				CLANG_ENABLE_OBJC_WEAK = YES;
				CLANG_WARN_BLOCK_CAPTURE_AUTORELEASING = YES;
				CLANG_WARN_BOOL_CONVERSION = YES;
				CLANG_WARN_COMMA = YES;
				CLANG_WARN_CONSTANT_CONVERSION = YES;
				CLANG_WARN_DEPRECATED_OBJC_IMPLEMENTATIONS = YES;
				CLANG_WARN_DIRECT_OBJC_ISA_USAGE = YES_ERROR;
				CLANG_WARN_DOCUMENTATION_COMMENTS = YES;
				CLANG_WARN_EMPTY_BODY = YES;
				CLANG_WARN_ENUM_CONVERSION = YES;
				CLANG_WARN_INFINITE_RECURSION = YES;
				CLANG_WARN_INT_CONVERSION = YES;
				CLANG_WARN_NON_LITERAL_NULL_CONVERSION = YES;
				CLANG_WARN_OBJC_IMPLICIT_RETAIN_SELF = YES;
				CLANG_WARN_OBJC_LITERAL_CONVERSION = YES;
				CLANG_WARN_OBJC_ROOT_CLASS = YES_ERROR;
				CLANG_WARN_RANGE_LOOP_ANALYSIS = YES;
				CLANG_WARN_STRICT_PROTOTYPES = YES;
				CLANG_WARN_SUSPICIOUS_MOVE = YES;
				CLANG_WARN_UNGUARDED_AVAILABILITY = YES_AGGRESSIVE;
				CLANG_WARN_UNREACHABLE_CODE = YES;
				CLANG_WARN__DUPLICATE_METHOD_MATCH = YES;
				CODE_SIGN_IDENTITY = "iPhone Developer";
				COPY_PHASE_STRIP = NO;
				DEBUG_INFORMATION_FORMAT = dwarf;
				ENABLE_STRICT_OBJC_MSGSEND = YES;
				ENABLE_TESTABILITY = YES;
				GCC_C_LANGUAGE_STANDARD = gnu11;
				GCC_DYNAMIC_NO_PIC = NO;
				GCC_NO_COMMON_BLOCKS = YES;
				GCC_OPTIMIZATION_LEVEL = 0;
				GCC_PREPROCESSOR_DEFINITIONS = (
					"DEBUG=1",
					"$(inherited)",
				);
				GCC_WARN_64_TO_32_BIT_CONVERSION = YES;
				GCC_WARN_ABOUT_RETURN_TYPE = YES_ERROR;
				GCC_WARN_UNDECLARED_SELECTOR = YES;
				GCC_WARN_UNINITIALIZED_AUTOS = YES_AGGRESSIVE;
				GCC_WARN_UNUSED_FUNCTION = YES;
				GCC_WARN_UNUSED_VARIABLE = YES;
				IPHONEOS_DEPLOYMENT_TARGET = 12.0;
				MTL_ENABLE_DEBUG_INFO = INCLUDE_SOURCE;
				MTL_FAST_MATH = YES;
				ONLY_ACTIVE_ARCH = YES;
				SDKROOT = iphoneos;
				SWIFT_ACTIVE_COMPILATION_CONDITIONS = DEBUG;
				SWIFT_OPTIMIZATION_LEVEL = "-Onone";
			};
			name = Debug;
		};
		1E1E256E2153FBE700555CB2 /* Release */ = {
			isa = XCBuildConfiguration;
			buildSettings = {
				ALWAYS_SEARCH_USER_PATHS = NO;
				CLANG_ANALYZER_NONNULL = YES;
				CLANG_ANALYZER_NUMBER_OBJECT_CONVERSION = YES_AGGRESSIVE;
				CLANG_CXX_LANGUAGE_STANDARD = "gnu++14";
				CLANG_CXX_LIBRARY = "libc++";
				CLANG_ENABLE_MODULES = YES;
				CLANG_ENABLE_OBJC_ARC = YES;
				CLANG_ENABLE_OBJC_WEAK = YES;
				CLANG_WARN_BLOCK_CAPTURE_AUTORELEASING = YES;
				CLANG_WARN_BOOL_CONVERSION = YES;
				CLANG_WARN_COMMA = YES;
				CLANG_WARN_CONSTANT_CONVERSION = YES;
				CLANG_WARN_DEPRECATED_OBJC_IMPLEMENTATIONS = YES;
				CLANG_WARN_DIRECT_OBJC_ISA_USAGE = YES_ERROR;
				CLANG_WARN_DOCUMENTATION_COMMENTS = YES;
				CLANG_WARN_EMPTY_BODY = YES;
				CLANG_WARN_ENUM_CONVERSION = YES;
				CLANG_WARN_INFINITE_RECURSION = YES;
				CLANG_WARN_INT_CONVERSION = YES;
				CLANG_WARN_NON_LITERAL_NULL_CONVERSION = YES;
				CLANG_WARN_OBJC_IMPLICIT_RETAIN_SELF = YES;
				CLANG_WARN_OBJC_LITERAL_CONVERSION = YES;
				CLANG_WARN_OBJC_ROOT_CLASS = YES_ERROR;
				CLANG_WARN_RANGE_LOOP_ANALYSIS = YES;
				CLANG_WARN_STRICT_PROTOTYPES = YES;
				CLANG_WARN_SUSPICIOUS_MOVE = YES;
				CLANG_WARN_UNGUARDED_AVAILABILITY = YES_AGGRESSIVE;
				CLANG_WARN_UNREACHABLE_CODE = YES;
				CLANG_WARN__DUPLICATE_METHOD_MATCH = YES;
				CODE_SIGN_IDENTITY = "iPhone Developer";
				COPY_PHASE_STRIP = NO;
				DEBUG_INFORMATION_FORMAT = "dwarf-with-dsym";
				ENABLE_NS_ASSERTIONS = NO;
				ENABLE_STRICT_OBJC_MSGSEND = YES;
				GCC_C_LANGUAGE_STANDARD = gnu11;
				GCC_NO_COMMON_BLOCKS = YES;
				GCC_WARN_64_TO_32_BIT_CONVERSION = YES;
				GCC_WARN_ABOUT_RETURN_TYPE = YES_ERROR;
				GCC_WARN_UNDECLARED_SELECTOR = YES;
				GCC_WARN_UNINITIALIZED_AUTOS = YES_AGGRESSIVE;
				GCC_WARN_UNUSED_FUNCTION = YES;
				GCC_WARN_UNUSED_VARIABLE = YES;
				IPHONEOS_DEPLOYMENT_TARGET = 12.0;
				MTL_ENABLE_DEBUG_INFO = NO;
				MTL_FAST_MATH = YES;
				SDKROOT = iphoneos;
				SWIFT_COMPILATION_MODE = wholemodule;
				SWIFT_OPTIMIZATION_LEVEL = "-O";
				VALIDATE_PRODUCT = YES;
			};
			name = Release;
		};
		1E1E25702153FBE700555CB2 /* Debug */ = {
			isa = XCBuildConfiguration;
			baseConfigurationReference = 963982C185113FB7CC413865 /* Pods-HTTP_App.debug.xcconfig */;
			buildSettings = {
				ASSETCATALOG_COMPILER_APPICON_NAME = AppIcon;
				CODE_SIGN_STYLE = Automatic;
				DEVELOPMENT_TEAM = 4KMFKXP2CR;
				INFOPLIST_FILE = HTTP_App/Info.plist;
				LD_RUNPATH_SEARCH_PATHS = (
					"$(inherited)",
					"@executable_path/Frameworks",
				);
				PRODUCT_BUNDLE_IDENTIFIER = "Valencia.HTTP-App";
				PRODUCT_NAME = "$(TARGET_NAME)";
				SWIFT_VERSION = 4.2;
				TARGETED_DEVICE_FAMILY = "1,2";
			};
			name = Debug;
		};
		1E1E25712153FBE700555CB2 /* Release */ = {
			isa = XCBuildConfiguration;
			baseConfigurationReference = D62B08D5EBFEB1291E01A504 /* Pods-HTTP_App.release.xcconfig */;
			buildSettings = {
				ASSETCATALOG_COMPILER_APPICON_NAME = AppIcon;
				CODE_SIGN_STYLE = Automatic;
				DEVELOPMENT_TEAM = 4KMFKXP2CR;
				INFOPLIST_FILE = HTTP_App/Info.plist;
				LD_RUNPATH_SEARCH_PATHS = (
					"$(inherited)",
					"@executable_path/Frameworks",
				);
				PRODUCT_BUNDLE_IDENTIFIER = "Valencia.HTTP-App";
				PRODUCT_NAME = "$(TARGET_NAME)";
				SWIFT_VERSION = 4.2;
				TARGETED_DEVICE_FAMILY = "1,2";
			};
			name = Release;
		};
/* End XCBuildConfiguration section */

/* Begin XCConfigurationList section */
		1E1E25582153FBE300555CB2 /* Build configuration list for PBXProject "HTTP_App" */ = {
			isa = XCConfigurationList;
			buildConfigurations = (
				1E1E256D2153FBE700555CB2 /* Debug */,
				1E1E256E2153FBE700555CB2 /* Release */,
			);
			defaultConfigurationIsVisible = 0;
			defaultConfigurationName = Release;
		};
		1E1E256F2153FBE700555CB2 /* Build configuration list for PBXNativeTarget "HTTP_App" */ = {
			isa = XCConfigurationList;
			buildConfigurations = (
				1E1E25702153FBE700555CB2 /* Debug */,
				1E1E25712153FBE700555CB2 /* Release */,
			);
			defaultConfigurationIsVisible = 0;
			defaultConfigurationName = Release;
		};
/* End XCConfigurationList section */
	};
	rootObject = 1E1E25552153FBE300555CB2 /* Project object */;
}
