// !$*UTF8*$!
{
	archiveVersion = 1;
	classes = {
	};
	objectVersion = 50;
	objects = {

/* Begin PBXBuildFile section */
		1E4A80762145B20700E2AFB3 /* AppDelegate.swift in Sources */ = {isa = PBXBuildFile; fileRef = 1E4A80752145B20700E2AFB3 /* AppDelegate.swift */; };
		1E4A80782145B20700E2AFB3 /* ViewController.swift in Sources */ = {isa = PBXBuildFile; fileRef = 1E4A80772145B20700E2AFB3 /* ViewController.swift */; };
		1E4A807B2145B20700E2AFB3 /* Main.storyboard in Resources */ = {isa = PBXBuildFile; fileRef = 1E4A80792145B20700E2AFB3 /* Main.storyboard */; };
		1E4A807D2145B20800E2AFB3 /* Assets.xcassets in Resources */ = {isa = PBXBuildFile; fileRef = 1E4A807C2145B20800E2AFB3 /* Assets.xcassets */; };
		1E4A80802145B20900E2AFB3 /* LaunchScreen.storyboard in Resources */ = {isa = PBXBuildFile; fileRef = 1E4A807E2145B20900E2AFB3 /* LaunchScreen.storyboard */; };
		1E4A808B2145B20900E2AFB3 /* CircleRenderTests.swift in Sources */ = {isa = PBXBuildFile; fileRef = 1E4A808A2145B20900E2AFB3 /* CircleRenderTests.swift */; };
		1E4A80962145B20900E2AFB3 /* CircleRenderUITests.swift in Sources */ = {isa = PBXBuildFile; fileRef = 1E4A80952145B20900E2AFB3 /* CircleRenderUITests.swift */; };
		1E4A80A42145B22F00E2AFB3 /* SecondView.swift in Sources */ = {isa = PBXBuildFile; fileRef = 1E4A80A32145B22F00E2AFB3 /* SecondView.swift */; };
		1E4A80A72145ED2400E2AFB3 /* MapKit.framework in Frameworks */ = {isa = PBXBuildFile; fileRef = 1E4A80A62145ED2400E2AFB3 /* MapKit.framework */; };
/* End PBXBuildFile section */

/* Begin PBXContainerItemProxy section */
		1E4A80872145B20900E2AFB3 /* PBXContainerItemProxy */ = {
			isa = PBXContainerItemProxy;
			containerPortal = 1E4A806A2145B20700E2AFB3 /* Project object */;
			proxyType = 1;
			remoteGlobalIDString = 1E4A80712145B20700E2AFB3;
			remoteInfo = CircleRender;
		};
		1E4A80922145B20900E2AFB3 /* PBXContainerItemProxy */ = {
			isa = PBXContainerItemProxy;
			containerPortal = 1E4A806A2145B20700E2AFB3 /* Project object */;
			proxyType = 1;
			remoteGlobalIDString = 1E4A80712145B20700E2AFB3;
			remoteInfo = CircleRender;
		};
/* End PBXContainerItemProxy section */

/* Begin PBXFileReference section */
		1E4A80722145B20700E2AFB3 /* CircleRender.app */ = {isa = PBXFileReference; explicitFileType = wrapper.application; includeInIndex = 0; path = CircleRender.app; sourceTree = BUILT_PRODUCTS_DIR; };
		1E4A80752145B20700E2AFB3 /* AppDelegate.swift */ = {isa = PBXFileReference; lastKnownFileType = sourcecode.swift; path = AppDelegate.swift; sourceTree = "<group>"; };
		1E4A80772145B20700E2AFB3 /* ViewController.swift */ = {isa = PBXFileReference; lastKnownFileType = sourcecode.swift; path = ViewController.swift; sourceTree = "<group>"; };
		1E4A807A2145B20700E2AFB3 /* Base */ = {isa = PBXFileReference; lastKnownFileType = file.storyboard; name = Base; path = Base.lproj/Main.storyboard; sourceTree = "<group>"; };
		1E4A807C2145B20800E2AFB3 /* Assets.xcassets */ = {isa = PBXFileReference; lastKnownFileType = folder.assetcatalog; path = Assets.xcassets; sourceTree = "<group>"; };
		1E4A807F2145B20900E2AFB3 /* Base */ = {isa = PBXFileReference; lastKnownFileType = file.storyboard; name = Base; path = Base.lproj/LaunchScreen.storyboard; sourceTree = "<group>"; };
		1E4A80812145B20900E2AFB3 /* Info.plist */ = {isa = PBXFileReference; lastKnownFileType = text.plist.xml; path = Info.plist; sourceTree = "<group>"; };
		1E4A80862145B20900E2AFB3 /* CircleRenderTests.xctest */ = {isa = PBXFileReference; explicitFileType = wrapper.cfbundle; includeInIndex = 0; path = CircleRenderTests.xctest; sourceTree = BUILT_PRODUCTS_DIR; };
		1E4A808A2145B20900E2AFB3 /* CircleRenderTests.swift */ = {isa = PBXFileReference; lastKnownFileType = sourcecode.swift; path = CircleRenderTests.swift; sourceTree = "<group>"; };
		1E4A808C2145B20900E2AFB3 /* Info.plist */ = {isa = PBXFileReference; lastKnownFileType = text.plist.xml; path = Info.plist; sourceTree = "<group>"; };
		1E4A80912145B20900E2AFB3 /* CircleRenderUITests.xctest */ = {isa = PBXFileReference; explicitFileType = wrapper.cfbundle; includeInIndex = 0; path = CircleRenderUITests.xctest; sourceTree = BUILT_PRODUCTS_DIR; };
		1E4A80952145B20900E2AFB3 /* CircleRenderUITests.swift */ = {isa = PBXFileReference; lastKnownFileType = sourcecode.swift; path = CircleRenderUITests.swift; sourceTree = "<group>"; };
		1E4A80972145B20900E2AFB3 /* Info.plist */ = {isa = PBXFileReference; lastKnownFileType = text.plist.xml; path = Info.plist; sourceTree = "<group>"; };
		1E4A80A32145B22F00E2AFB3 /* SecondView.swift */ = {isa = PBXFileReference; lastKnownFileType = sourcecode.swift; path = SecondView.swift; sourceTree = "<group>"; };
		1E4A80A62145ED2400E2AFB3 /* MapKit.framework */ = {isa = PBXFileReference; lastKnownFileType = wrapper.framework; name = MapKit.framework; path = System/Library/Frameworks/MapKit.framework; sourceTree = SDKROOT; };
/* End PBXFileReference section */

/* Begin PBXFrameworksBuildPhase section */
		1E4A806F2145B20700E2AFB3 /* Frameworks */ = {
			isa = PBXFrameworksBuildPhase;
			buildActionMask = 2147483647;
			files = (
				1E4A80A72145ED2400E2AFB3 /* MapKit.framework in Frameworks */,
			);
			runOnlyForDeploymentPostprocessing = 0;
		};
		1E4A80832145B20900E2AFB3 /* Frameworks */ = {
			isa = PBXFrameworksBuildPhase;
			buildActionMask = 2147483647;
			files = (
			);
			runOnlyForDeploymentPostprocessing = 0;
		};
		1E4A808E2145B20900E2AFB3 /* Frameworks */ = {
			isa = PBXFrameworksBuildPhase;
			buildActionMask = 2147483647;
			files = (
			);
			runOnlyForDeploymentPostprocessing = 0;
		};
/* End PBXFrameworksBuildPhase section */

/* Begin PBXGroup section */
		1E4A80692145B20700E2AFB3 = {
			isa = PBXGroup;
			children = (
				1E4A80742145B20700E2AFB3 /* CircleRender */,
				1E4A80892145B20900E2AFB3 /* CircleRenderTests */,
				1E4A80942145B20900E2AFB3 /* CircleRenderUITests */,
				1E4A80732145B20700E2AFB3 /* Products */,
				1E4A80A52145ED2400E2AFB3 /* Frameworks */,
			);
			sourceTree = "<group>";
		};
		1E4A80732145B20700E2AFB3 /* Products */ = {
			isa = PBXGroup;
			children = (
				1E4A80722145B20700E2AFB3 /* CircleRender.app */,
				1E4A80862145B20900E2AFB3 /* CircleRenderTests.xctest */,
				1E4A80912145B20900E2AFB3 /* CircleRenderUITests.xctest */,
			);
			name = Products;
			sourceTree = "<group>";
		};
		1E4A80742145B20700E2AFB3 /* CircleRender */ = {
			isa = PBXGroup;
			children = (
				1E4A80752145B20700E2AFB3 /* AppDelegate.swift */,
				1E4A80772145B20700E2AFB3 /* ViewController.swift */,
				1E4A80792145B20700E2AFB3 /* Main.storyboard */,
				1E4A80A32145B22F00E2AFB3 /* SecondView.swift */,
				1E4A807C2145B20800E2AFB3 /* Assets.xcassets */,
				1E4A807E2145B20900E2AFB3 /* LaunchScreen.storyboard */,
				1E4A80812145B20900E2AFB3 /* Info.plist */,
			);
			path = CircleRender;
			sourceTree = "<group>";
		};
		1E4A80892145B20900E2AFB3 /* CircleRenderTests */ = {
			isa = PBXGroup;
			children = (
				1E4A808A2145B20900E2AFB3 /* CircleRenderTests.swift */,
				1E4A808C2145B20900E2AFB3 /* Info.plist */,
			);
			path = CircleRenderTests;
			sourceTree = "<group>";
		};
		1E4A80942145B20900E2AFB3 /* CircleRenderUITests */ = {
			isa = PBXGroup;
			children = (
				1E4A80952145B20900E2AFB3 /* CircleRenderUITests.swift */,
				1E4A80972145B20900E2AFB3 /* Info.plist */,
			);
			path = CircleRenderUITests;
			sourceTree = "<group>";
		};
		1E4A80A52145ED2400E2AFB3 /* Frameworks */ = {
			isa = PBXGroup;
			children = (
				1E4A80A62145ED2400E2AFB3 /* MapKit.framework */,
			);
			name = Frameworks;
			sourceTree = "<group>";
		};
/* End PBXGroup section */

/* Begin PBXNativeTarget section */
		1E4A80712145B20700E2AFB3 /* CircleRender */ = {
			isa = PBXNativeTarget;
			buildConfigurationList = 1E4A809A2145B20900E2AFB3 /* Build configuration list for PBXNativeTarget "CircleRender" */;
			buildPhases = (
				1E4A806E2145B20700E2AFB3 /* Sources */,
				1E4A806F2145B20700E2AFB3 /* Frameworks */,
				1E4A80702145B20700E2AFB3 /* Resources */,
			);
			buildRules = (
			);
			dependencies = (
			);
			name = CircleRender;
			productName = CircleRender;
			productReference = 1E4A80722145B20700E2AFB3 /* CircleRender.app */;
			productType = "com.apple.product-type.application";
		};
		1E4A80852145B20900E2AFB3 /* CircleRenderTests */ = {
			isa = PBXNativeTarget;
			buildConfigurationList = 1E4A809D2145B20900E2AFB3 /* Build configuration list for PBXNativeTarget "CircleRenderTests" */;
			buildPhases = (
				1E4A80822145B20900E2AFB3 /* Sources */,
				1E4A80832145B20900E2AFB3 /* Frameworks */,
				1E4A80842145B20900E2AFB3 /* Resources */,
			);
			buildRules = (
			);
			dependencies = (
				1E4A80882145B20900E2AFB3 /* PBXTargetDependency */,
			);
			name = CircleRenderTests;
			productName = CircleRenderTests;
			productReference = 1E4A80862145B20900E2AFB3 /* CircleRenderTests.xctest */;
			productType = "com.apple.product-type.bundle.unit-test";
		};
		1E4A80902145B20900E2AFB3 /* CircleRenderUITests */ = {
			isa = PBXNativeTarget;
			buildConfigurationList = 1E4A80A02145B20900E2AFB3 /* Build configuration list for PBXNativeTarget "CircleRenderUITests" */;
			buildPhases = (
				1E4A808D2145B20900E2AFB3 /* Sources */,
				1E4A808E2145B20900E2AFB3 /* Frameworks */,
				1E4A808F2145B20900E2AFB3 /* Resources */,
			);
			buildRules = (
			);
			dependencies = (
				1E4A80932145B20900E2AFB3 /* PBXTargetDependency */,
			);
			name = CircleRenderUITests;
			productName = CircleRenderUITests;
			productReference = 1E4A80912145B20900E2AFB3 /* CircleRenderUITests.xctest */;
			productType = "com.apple.product-type.bundle.ui-testing";
		};
/* End PBXNativeTarget section */

/* Begin PBXProject section */
		1E4A806A2145B20700E2AFB3 /* Project object */ = {
			isa = PBXProject;
			attributes = {
				LastSwiftUpdateCheck = 0940;
				LastUpgradeCheck = 0940;
				ORGANIZATIONNAME = "Felipe Valencia ";
				TargetAttributes = {
					1E4A80712145B20700E2AFB3 = {
						CreatedOnToolsVersion = 9.4.1;
						SystemCapabilities = {
							com.apple.Maps.iOS = {
								enabled = 1;
							};
						};
					};
					1E4A80852145B20900E2AFB3 = {
						CreatedOnToolsVersion = 9.4.1;
						TestTargetID = 1E4A80712145B20700E2AFB3;
					};
					1E4A80902145B20900E2AFB3 = {
						CreatedOnToolsVersion = 9.4.1;
						TestTargetID = 1E4A80712145B20700E2AFB3;
					};
				};
			};
			buildConfigurationList = 1E4A806D2145B20700E2AFB3 /* Build configuration list for PBXProject "CircleRender" */;
			compatibilityVersion = "Xcode 9.3";
			developmentRegion = en;
			hasScannedForEncodings = 0;
			knownRegions = (
				en,
				Base,
			);
			mainGroup = 1E4A80692145B20700E2AFB3;
			productRefGroup = 1E4A80732145B20700E2AFB3 /* Products */;
			projectDirPath = "";
			projectRoot = "";
			targets = (
				1E4A80712145B20700E2AFB3 /* CircleRender */,
				1E4A80852145B20900E2AFB3 /* CircleRenderTests */,
				1E4A80902145B20900E2AFB3 /* CircleRenderUITests */,
			);
		};
/* End PBXProject section */

/* Begin PBXResourcesBuildPhase section */
		1E4A80702145B20700E2AFB3 /* Resources */ = {
			isa = PBXResourcesBuildPhase;
			buildActionMask = 2147483647;
			files = (
				1E4A80802145B20900E2AFB3 /* LaunchScreen.storyboard in Resources */,
				1E4A807D2145B20800E2AFB3 /* Assets.xcassets in Resources */,
				1E4A807B2145B20700E2AFB3 /* Main.storyboard in Resources */,
			);
			runOnlyForDeploymentPostprocessing = 0;
		};
		1E4A80842145B20900E2AFB3 /* Resources */ = {
			isa = PBXResourcesBuildPhase;
			buildActionMask = 2147483647;
			files = (
			);
			runOnlyForDeploymentPostprocessing = 0;
		};
		1E4A808F2145B20900E2AFB3 /* Resources */ = {
			isa = PBXResourcesBuildPhase;
			buildActionMask = 2147483647;
			files = (
			);
			runOnlyForDeploymentPostprocessing = 0;
		};
/* End PBXResourcesBuildPhase section */

/* Begin PBXSourcesBuildPhase section */
		1E4A806E2145B20700E2AFB3 /* Sources */ = {
			isa = PBXSourcesBuildPhase;
			buildActionMask = 2147483647;
			files = (
				1E4A80A42145B22F00E2AFB3 /* SecondView.swift in Sources */,
				1E4A80782145B20700E2AFB3 /* ViewController.swift in Sources */,
				1E4A80762145B20700E2AFB3 /* AppDelegate.swift in Sources */,
			);
			runOnlyForDeploymentPostprocessing = 0;
		};
		1E4A80822145B20900E2AFB3 /* Sources */ = {
			isa = PBXSourcesBuildPhase;
			buildActionMask = 2147483647;
			files = (
				1E4A808B2145B20900E2AFB3 /* CircleRenderTests.swift in Sources */,
			);
			runOnlyForDeploymentPostprocessing = 0;
		};
		1E4A808D2145B20900E2AFB3 /* Sources */ = {
			isa = PBXSourcesBuildPhase;
			buildActionMask = 2147483647;
			files = (
				1E4A80962145B20900E2AFB3 /* CircleRenderUITests.swift in Sources */,
			);
			runOnlyForDeploymentPostprocessing = 0;
		};
/* End PBXSourcesBuildPhase section */

/* Begin PBXTargetDependency section */
		1E4A80882145B20900E2AFB3 /* PBXTargetDependency */ = {
			isa = PBXTargetDependency;
			target = 1E4A80712145B20700E2AFB3 /* CircleRender */;
			targetProxy = 1E4A80872145B20900E2AFB3 /* PBXContainerItemProxy */;
		};
		1E4A80932145B20900E2AFB3 /* PBXTargetDependency */ = {
			isa = PBXTargetDependency;
			target = 1E4A80712145B20700E2AFB3 /* CircleRender */;
			targetProxy = 1E4A80922145B20900E2AFB3 /* PBXContainerItemProxy */;
		};
/* End PBXTargetDependency section */

/* Begin PBXVariantGroup section */
		1E4A80792145B20700E2AFB3 /* Main.storyboard */ = {
			isa = PBXVariantGroup;
			children = (
				1E4A807A2145B20700E2AFB3 /* Base */,
			);
			name = Main.storyboard;
			sourceTree = "<group>";
		};
		1E4A807E2145B20900E2AFB3 /* LaunchScreen.storyboard */ = {
			isa = PBXVariantGroup;
			children = (
				1E4A807F2145B20900E2AFB3 /* Base */,
			);
			name = LaunchScreen.storyboard;
			sourceTree = "<group>";
		};
/* End PBXVariantGroup section */

/* Begin XCBuildConfiguration section */
		1E4A80982145B20900E2AFB3 /* Debug */ = {
			isa = XCBuildConfiguration;
			buildSettings = {
				ALWAYS_SEARCH_USER_PATHS = NO;
				CLANG_ANALYZER_NONNULL = YES;
				CLANG_ANALYZER_NUMBER_OBJECT_CONVERSION = YES_AGGRESSIVE;
				CLANG_CXX_LANGUAGE_STANDARD = "gnu++14";
				CLANG_CXX_LIBRARY = "libc++";
				CLANG_ENABLE_MODULES = YES;
				CLANG_ENABLE_OBJC_ARC = YES;
				CLANG_ENABLE_OBJC_WEAK = YES;
				CLANG_WARN_BLOCK_CAPTURE_AUTORELEASING = YES;
				CLANG_WARN_BOOL_CONVERSION = YES;
				CLANG_WARN_COMMA = YES;
				CLANG_WARN_CONSTANT_CONVERSION = YES;
				CLANG_WARN_DEPRECATED_OBJC_IMPLEMENTATIONS = YES;
				CLANG_WARN_DIRECT_OBJC_ISA_USAGE = YES_ERROR;
				CLANG_WARN_DOCUMENTATION_COMMENTS = YES;
				CLANG_WARN_EMPTY_BODY = YES;
				CLANG_WARN_ENUM_CONVERSION = YES;
				CLANG_WARN_INFINITE_RECURSION = YES;
				CLANG_WARN_INT_CONVERSION = YES;
				CLANG_WARN_NON_LITERAL_NULL_CONVERSION = YES;
				CLANG_WARN_OBJC_IMPLICIT_RETAIN_SELF = YES;
				CLANG_WARN_OBJC_LITERAL_CONVERSION = YES;
				CLANG_WARN_OBJC_ROOT_CLASS = YES_ERROR;
				CLANG_WARN_RANGE_LOOP_ANALYSIS = YES;
				CLANG_WARN_STRICT_PROTOTYPES = YES;
				CLANG_WARN_SUSPICIOUS_MOVE = YES;
				CLANG_WARN_UNGUARDED_AVAILABILITY = YES_AGGRESSIVE;
				CLANG_WARN_UNREACHABLE_CODE = YES;
				CLANG_WARN__DUPLICATE_METHOD_MATCH = YES;
				CODE_SIGN_IDENTITY = "iPhone Developer";
				COPY_PHASE_STRIP = NO;
				DEBUG_INFORMATION_FORMAT = dwarf;
				ENABLE_STRICT_OBJC_MSGSEND = YES;
				ENABLE_TESTABILITY = YES;
				GCC_C_LANGUAGE_STANDARD = gnu11;
				GCC_DYNAMIC_NO_PIC = NO;
				GCC_NO_COMMON_BLOCKS = YES;
				GCC_OPTIMIZATION_LEVEL = 0;
				GCC_PREPROCESSOR_DEFINITIONS = (
					"DEBUG=1",
					"$(inherited)",
				);
				GCC_WARN_64_TO_32_BIT_CONVERSION = YES;
				GCC_WARN_ABOUT_RETURN_TYPE = YES_ERROR;
				GCC_WARN_UNDECLARED_SELECTOR = YES;
				GCC_WARN_UNINITIALIZED_AUTOS = YES_AGGRESSIVE;
				GCC_WARN_UNUSED_FUNCTION = YES;
				GCC_WARN_UNUSED_VARIABLE = YES;
				IPHONEOS_DEPLOYMENT_TARGET = 11.4;
				MTL_ENABLE_DEBUG_INFO = YES;
				ONLY_ACTIVE_ARCH = YES;
				SDKROOT = iphoneos;
				SWIFT_ACTIVE_COMPILATION_CONDITIONS = DEBUG;
				SWIFT_OPTIMIZATION_LEVEL = "-Onone";
			};
			name = Debug;
		};
		1E4A80992145B20900E2AFB3 /* Release */ = {
			isa = XCBuildConfiguration;
			buildSettings = {
				ALWAYS_SEARCH_USER_PATHS = NO;
				CLANG_ANALYZER_NONNULL = YES;
				CLANG_ANALYZER_NUMBER_OBJECT_CONVERSION = YES_AGGRESSIVE;
				CLANG_CXX_LANGUAGE_STANDARD = "gnu++14";
				CLANG_CXX_LIBRARY = "libc++";
				CLANG_ENABLE_MODULES = YES;
				CLANG_ENABLE_OBJC_ARC = YES;
				CLANG_ENABLE_OBJC_WEAK = YES;
				CLANG_WARN_BLOCK_CAPTURE_AUTORELEASING = YES;
				CLANG_WARN_BOOL_CONVERSION = YES;
				CLANG_WARN_COMMA = YES;
				CLANG_WARN_CONSTANT_CONVERSION = YES;
				CLANG_WARN_DEPRECATED_OBJC_IMPLEMENTATIONS = YES;
				CLANG_WARN_DIRECT_OBJC_ISA_USAGE = YES_ERROR;
				CLANG_WARN_DOCUMENTATION_COMMENTS = YES;
				CLANG_WARN_EMPTY_BODY = YES;
				CLANG_WARN_ENUM_CONVERSION = YES;
				CLANG_WARN_INFINITE_RECURSION = YES;
				CLANG_WARN_INT_CONVERSION = YES;
				CLANG_WARN_NON_LITERAL_NULL_CONVERSION = YES;
				CLANG_WARN_OBJC_IMPLICIT_RETAIN_SELF = YES;
				CLANG_WARN_OBJC_LITERAL_CONVERSION = YES;
				CLANG_WARN_OBJC_ROOT_CLASS = YES_ERROR;
				CLANG_WARN_RANGE_LOOP_ANALYSIS = YES;
				CLANG_WARN_STRICT_PROTOTYPES = YES;
				CLANG_WARN_SUSPICIOUS_MOVE = YES;
				CLANG_WARN_UNGUARDED_AVAILABILITY = YES_AGGRESSIVE;
				CLANG_WARN_UNREACHABLE_CODE = YES;
				CLANG_WARN__DUPLICATE_METHOD_MATCH = YES;
				CODE_SIGN_IDENTITY = "iPhone Developer";
				COPY_PHASE_STRIP = NO;
				DEBUG_INFORMATION_FORMAT = "dwarf-with-dsym";
				ENABLE_NS_ASSERTIONS = NO;
				ENABLE_STRICT_OBJC_MSGSEND = YES;
				GCC_C_LANGUAGE_STANDARD = gnu11;
				GCC_NO_COMMON_BLOCKS = YES;
				GCC_WARN_64_TO_32_BIT_CONVERSION = YES;
				GCC_WARN_ABOUT_RETURN_TYPE = YES_ERROR;
				GCC_WARN_UNDECLARED_SELECTOR = YES;
				GCC_WARN_UNINITIALIZED_AUTOS = YES_AGGRESSIVE;
				GCC_WARN_UNUSED_FUNCTION = YES;
				GCC_WARN_UNUSED_VARIABLE = YES;
				IPHONEOS_DEPLOYMENT_TARGET = 11.4;
				MTL_ENABLE_DEBUG_INFO = NO;
				SDKROOT = iphoneos;
				SWIFT_COMPILATION_MODE = wholemodule;
				SWIFT_OPTIMIZATION_LEVEL = "-O";
				VALIDATE_PRODUCT = YES;
			};
			name = Release;
		};
		1E4A809B2145B20900E2AFB3 /* Debug */ = {
			isa = XCBuildConfiguration;
			buildSettings = {
				ASSETCATALOG_COMPILER_APPICON_NAME = AppIcon;
				CODE_SIGN_STYLE = Automatic;
				DEVELOPMENT_TEAM = 4KMFKXP2CR;
				INFOPLIST_FILE = CircleRender/Info.plist;
				LD_RUNPATH_SEARCH_PATHS = (
					"$(inherited)",
					"@executable_path/Frameworks",
				);
				PRODUCT_BUNDLE_IDENTIFIER = Valencia.CircleRender;
				PRODUCT_NAME = "$(TARGET_NAME)";
				SWIFT_VERSION = 4.0;
				TARGETED_DEVICE_FAMILY = "1,2";
			};
			name = Debug;
		};
		1E4A809C2145B20900E2AFB3 /* Release */ = {
			isa = XCBuildConfiguration;
			buildSettings = {
				ASSETCATALOG_COMPILER_APPICON_NAME = AppIcon;
				CODE_SIGN_STYLE = Automatic;
				DEVELOPMENT_TEAM = 4KMFKXP2CR;
				INFOPLIST_FILE = CircleRender/Info.plist;
				LD_RUNPATH_SEARCH_PATHS = (
					"$(inherited)",
					"@executable_path/Frameworks",
				);
				PRODUCT_BUNDLE_IDENTIFIER = Valencia.CircleRender;
				PRODUCT_NAME = "$(TARGET_NAME)";
				SWIFT_VERSION = 4.0;
				TARGETED_DEVICE_FAMILY = "1,2";
			};
			name = Release;
		};
		1E4A809E2145B20900E2AFB3 /* Debug */ = {
			isa = XCBuildConfiguration;
			buildSettings = {
				ALWAYS_EMBED_SWIFT_STANDARD_LIBRARIES = YES;
				BUNDLE_LOADER = "$(TEST_HOST)";
				CODE_SIGN_STYLE = Automatic;
				DEVELOPMENT_TEAM = 4KMFKXP2CR;
				INFOPLIST_FILE = CircleRenderTests/Info.plist;
				LD_RUNPATH_SEARCH_PATHS = (
					"$(inherited)",
					"@executable_path/Frameworks",
					"@loader_path/Frameworks",
				);
				PRODUCT_BUNDLE_IDENTIFIER = Valencia.CircleRenderTests;
				PRODUCT_NAME = "$(TARGET_NAME)";
				SWIFT_VERSION = 4.0;
				TARGETED_DEVICE_FAMILY = "1,2";
				TEST_HOST = "$(BUILT_PRODUCTS_DIR)/CircleRender.app/CircleRender";
			};
			name = Debug;
		};
		1E4A809F2145B20900E2AFB3 /* Release */ = {
			isa = XCBuildConfiguration;
			buildSettings = {
				ALWAYS_EMBED_SWIFT_STANDARD_LIBRARIES = YES;
				BUNDLE_LOADER = "$(TEST_HOST)";
				CODE_SIGN_STYLE = Automatic;
				DEVELOPMENT_TEAM = 4KMFKXP2CR;
				INFOPLIST_FILE = CircleRenderTests/Info.plist;
				LD_RUNPATH_SEARCH_PATHS = (
					"$(inherited)",
					"@executable_path/Frameworks",
					"@loader_path/Frameworks",
				);
				PRODUCT_BUNDLE_IDENTIFIER = Valencia.CircleRenderTests;
				PRODUCT_NAME = "$(TARGET_NAME)";
				SWIFT_VERSION = 4.0;
				TARGETED_DEVICE_FAMILY = "1,2";
				TEST_HOST = "$(BUILT_PRODUCTS_DIR)/CircleRender.app/CircleRender";
			};
			name = Release;
		};
		1E4A80A12145B20900E2AFB3 /* Debug */ = {
			isa = XCBuildConfiguration;
			buildSettings = {
				ALWAYS_EMBED_SWIFT_STANDARD_LIBRARIES = YES;
				CODE_SIGN_STYLE = Automatic;
				DEVELOPMENT_TEAM = 4KMFKXP2CR;
				INFOPLIST_FILE = CircleRenderUITests/Info.plist;
				LD_RUNPATH_SEARCH_PATHS = (
					"$(inherited)",
					"@executable_path/Frameworks",
					"@loader_path/Frameworks",
				);
				PRODUCT_BUNDLE_IDENTIFIER = Valencia.CircleRenderUITests;
				PRODUCT_NAME = "$(TARGET_NAME)";
				SWIFT_VERSION = 4.0;
				TARGETED_DEVICE_FAMILY = "1,2";
				TEST_TARGET_NAME = CircleRender;
			};
			name = Debug;
		};
		1E4A80A22145B20900E2AFB3 /* Release */ = {
			isa = XCBuildConfiguration;
			buildSettings = {
				ALWAYS_EMBED_SWIFT_STANDARD_LIBRARIES = YES;
				CODE_SIGN_STYLE = Automatic;
				DEVELOPMENT_TEAM = 4KMFKXP2CR;
				INFOPLIST_FILE = CircleRenderUITests/Info.plist;
				LD_RUNPATH_SEARCH_PATHS = (
					"$(inherited)",
					"@executable_path/Frameworks",
					"@loader_path/Frameworks",
				);
				PRODUCT_BUNDLE_IDENTIFIER = Valencia.CircleRenderUITests;
				PRODUCT_NAME = "$(TARGET_NAME)";
				SWIFT_VERSION = 4.0;
				TARGETED_DEVICE_FAMILY = "1,2";
				TEST_TARGET_NAME = CircleRender;
			};
			name = Release;
		};
/* End XCBuildConfiguration section */

/* Begin XCConfigurationList section */
		1E4A806D2145B20700E2AFB3 /* Build configuration list for PBXProject "CircleRender" */ = {
			isa = XCConfigurationList;
			buildConfigurations = (
				1E4A80982145B20900E2AFB3 /* Debug */,
				1E4A80992145B20900E2AFB3 /* Release */,
			);
			defaultConfigurationIsVisible = 0;
			defaultConfigurationName = Release;
		};
		1E4A809A2145B20900E2AFB3 /* Build configuration list for PBXNativeTarget "CircleRender" */ = {
			isa = XCConfigurationList;
			buildConfigurations = (
				1E4A809B2145B20900E2AFB3 /* Debug */,
				1E4A809C2145B20900E2AFB3 /* Release */,
			);
			defaultConfigurationIsVisible = 0;
			defaultConfigurationName = Release;
		};
		1E4A809D2145B20900E2AFB3 /* Build configuration list for PBXNativeTarget "CircleRenderTests" */ = {
			isa = XCConfigurationList;
			buildConfigurations = (
				1E4A809E2145B20900E2AFB3 /* Debug */,
				1E4A809F2145B20900E2AFB3 /* Release */,
			);
			defaultConfigurationIsVisible = 0;
			defaultConfigurationName = Release;
		};
		1E4A80A02145B20900E2AFB3 /* Build configuration list for PBXNativeTarget "CircleRenderUITests" */ = {
			isa = XCConfigurationList;
			buildConfigurations = (
				1E4A80A12145B20900E2AFB3 /* Debug */,
				1E4A80A22145B20900E2AFB3 /* Release */,
			);
			defaultConfigurationIsVisible = 0;
			defaultConfigurationName = Release;
		};
/* End XCConfigurationList section */
	};
	rootObject = 1E4A806A2145B20700E2AFB3 /* Project object */;
}
